
Microsoft Visual Studio Solution File, Format Version 12.00
# Visual Studio Version 17
VisualStudioVersion = 17.4.33205.214
MinimumVisualStudioVersion = 10.0.40219.1
Project("{2150E333-8FDC-42A3-9474-1A3956D46DE8}") = "Platforms", "Platforms", "{97885810-1D33-4012-A3F4-FDF92EE59635}"
EndProject
Project("{FAE04EC0-301F-11D3-BF4B-00C04F79EFBC}") = "UnoSample", "UnoSample\UnoSample\UnoSample.csproj", "{C3C0AF3C-7D23-4A82-8D43-452EF549793C}"
EndProject
Project("{FAE04EC0-301F-11D3-BF4B-00C04F79EFBC}") = "UnoSample.Mobile", "UnoSample\UnoSample.Mobile\UnoSample.Mobile.csproj", "{629B8ED0-AF54-40E0-9C74-31269D5C4185}"
EndProject
Project("{FAE04EC0-301F-11D3-BF4B-00C04F79EFBC}") = "UnoSample.Skia.Gtk", "UnoSample\UnoSample.Skia.Gtk\UnoSample.Skia.Gtk.csproj", "{D325BDCD-74E2-4A6E-844B-5D7A9301DD4E}"
EndProject
Project("{FAE04EC0-301F-11D3-BF4B-00C04F79EFBC}") = "UnoSample.Skia.Linux.FrameBuffer", "UnoSample\UnoSample.Skia.Linux.FrameBuffer\UnoSample.Skia.Linux.FrameBuffer.csproj", "{CF8FC34C-59D4-4B86-853B-3D8632A36839}"
EndProject
Project("{FAE04EC0-301F-11D3-BF4B-00C04F79EFBC}") = "UnoSample.Windows", "UnoSample\UnoSample.Windows\UnoSample.Windows.csproj", "{67E2C98D-A1EA-41D1-914C-E1F205B0CC01}"
EndProject
Project("{FAE04EC0-301F-11D3-BF4B-00C04F79EFBC}") = "UnoSample.Skia.Wpf", "UnoSample\UnoSample.Skia.Wpf\UnoSample.Skia.Wpf.csproj", "{D029BD5E-C6EC-444E-82BE-76DB656CAF19}"
EndProject
Project("{2150E333-8FDC-42A3-9474-1A3956D46DE8}") = "Common", "Common", "{37E91CDD-0223-4D33-BA12-F494975D03F6}"
EndProject
Project("{9A19103F-16F7-4668-BE54-9A1E7A4F7556}") = "Render.Source", "..\Render.Source\Render.Source.csproj", "{8EB0BEBF-3AAD-42D9-BCAC-2734370FA9E6}"
EndProject
Global
	GlobalSection(SolutionConfigurationPlatforms) = preSolution
		Debug|Any CPU = Debug|Any CPU
		Debug|arm64 = Debug|arm64
		Debug|x64 = Debug|x64
		Debug|x86 = Debug|x86
		Release|Any CPU = Release|Any CPU
		Release|arm64 = Release|arm64
		Release|x64 = Release|x64
		Release|x86 = Release|x86
	EndGlobalSection
	GlobalSection(ProjectConfigurationPlatforms) = postSolution
		{C3C0AF3C-7D23-4A82-8D43-452EF549793C}.Debug|Any CPU.ActiveCfg = Debug|Any CPU
		{C3C0AF3C-7D23-4A82-8D43-452EF549793C}.Debug|Any CPU.Build.0 = Debug|Any CPU
		{C3C0AF3C-7D23-4A82-8D43-452EF549793C}.Debug|arm64.ActiveCfg = Debug|Any CPU
		{C3C0AF3C-7D23-4A82-8D43-452EF549793C}.Debug|arm64.Build.0 = Debug|Any CPU
		{C3C0AF3C-7D23-4A82-8D43-452EF549793C}.Debug|x64.ActiveCfg = Debug|Any CPU
		{C3C0AF3C-7D23-4A82-8D43-452EF549793C}.Debug|x64.Build.0 = Debug|Any CPU
		{C3C0AF3C-7D23-4A82-8D43-452EF549793C}.Debug|x86.ActiveCfg = Debug|Any CPU
		{C3C0AF3C-7D23-4A82-8D43-452EF549793C}.Debug|x86.Build.0 = Debug|Any CPU
		{C3C0AF3C-7D23-4A82-8D43-452EF549793C}.Release|Any CPU.ActiveCfg = Release|Any CPU
		{C3C0AF3C-7D23-4A82-8D43-452EF549793C}.Release|Any CPU.Build.0 = Release|Any CPU
		{C3C0AF3C-7D23-4A82-8D43-452EF549793C}.Release|arm64.ActiveCfg = Release|Any CPU
		{C3C0AF3C-7D23-4A82-8D43-452EF549793C}.Release|arm64.Build.0 = Release|Any CPU
		{C3C0AF3C-7D23-4A82-8D43-452EF549793C}.Release|x64.ActiveCfg = Release|Any CPU
		{C3C0AF3C-7D23-4A82-8D43-452EF549793C}.Release|x64.Build.0 = Release|Any CPU
		{C3C0AF3C-7D23-4A82-8D43-452EF549793C}.Release|x86.ActiveCfg = Release|Any CPU
		{C3C0AF3C-7D23-4A82-8D43-452EF549793C}.Release|x86.Build.0 = Release|Any CPU
		{629B8ED0-AF54-40E0-9C74-31269D5C4185}.Debug|Any CPU.ActiveCfg = Debug|Any CPU
		{629B8ED0-AF54-40E0-9C74-31269D5C4185}.Debug|Any CPU.Build.0 = Debug|Any CPU
		{629B8ED0-AF54-40E0-9C74-31269D5C4185}.Debug|Any CPU.Deploy.0 = Debug|Any CPU
		{629B8ED0-AF54-40E0-9C74-31269D5C4185}.Debug|arm64.ActiveCfg = Debug|Any CPU
		{629B8ED0-AF54-40E0-9C74-31269D5C4185}.Debug|arm64.Build.0 = Debug|Any CPU
		{629B8ED0-AF54-40E0-9C74-31269D5C4185}.Debug|arm64.Deploy.0 = Debug|Any CPU
		{629B8ED0-AF54-40E0-9C74-31269D5C4185}.Debug|x64.ActiveCfg = Debug|Any CPU
		{629B8ED0-AF54-40E0-9C74-31269D5C4185}.Debug|x64.Build.0 = Debug|Any CPU
		{629B8ED0-AF54-40E0-9C74-31269D5C4185}.Debug|x64.Deploy.0 = Debug|Any CPU
		{629B8ED0-AF54-40E0-9C74-31269D5C4185}.Debug|x86.ActiveCfg = Debug|Any CPU
		{629B8ED0-AF54-40E0-9C74-31269D5C4185}.Debug|x86.Build.0 = Debug|Any CPU
		{629B8ED0-AF54-40E0-9C74-31269D5C4185}.Debug|x86.Deploy.0 = Debug|Any CPU
		{629B8ED0-AF54-40E0-9C74-31269D5C4185}.Release|Any CPU.ActiveCfg = Release|Any CPU
		{629B8ED0-AF54-40E0-9C74-31269D5C4185}.Release|Any CPU.Build.0 = Release|Any CPU
		{629B8ED0-AF54-40E0-9C74-31269D5C4185}.Release|Any CPU.Deploy.0 = Release|Any CPU
		{629B8ED0-AF54-40E0-9C74-31269D5C4185}.Release|arm64.ActiveCfg = Release|Any CPU
		{629B8ED0-AF54-40E0-9C74-31269D5C4185}.Release|arm64.Build.0 = Release|Any CPU
		{629B8ED0-AF54-40E0-9C74-31269D5C4185}.Release|arm64.Deploy.0 = Release|Any CPU
		{629B8ED0-AF54-40E0-9C74-31269D5C4185}.Release|x64.ActiveCfg = Release|Any CPU
		{629B8ED0-AF54-40E0-9C74-31269D5C4185}.Release|x64.Build.0 = Release|Any CPU
		{629B8ED0-AF54-40E0-9C74-31269D5C4185}.Release|x64.Deploy.0 = Release|Any CPU
		{629B8ED0-AF54-40E0-9C74-31269D5C4185}.Release|x86.ActiveCfg = Release|Any CPU
		{629B8ED0-AF54-40E0-9C74-31269D5C4185}.Release|x86.Build.0 = Release|Any CPU
		{629B8ED0-AF54-40E0-9C74-31269D5C4185}.Release|x86.Deploy.0 = Release|Any CPU
		{D325BDCD-74E2-4A6E-844B-5D7A9301DD4E}.Debug|Any CPU.ActiveCfg = Debug|Any CPU
		{D325BDCD-74E2-4A6E-844B-5D7A9301DD4E}.Debug|Any CPU.Build.0 = Debug|Any CPU
		{D325BDCD-74E2-4A6E-844B-5D7A9301DD4E}.Debug|arm64.ActiveCfg = Debug|Any CPU
		{D325BDCD-74E2-4A6E-844B-5D7A9301DD4E}.Debug|arm64.Build.0 = Debug|Any CPU
		{D325BDCD-74E2-4A6E-844B-5D7A9301DD4E}.Debug|x64.ActiveCfg = Debug|Any CPU
		{D325BDCD-74E2-4A6E-844B-5D7A9301DD4E}.Debug|x64.Build.0 = Debug|Any CPU
		{D325BDCD-74E2-4A6E-844B-5D7A9301DD4E}.Debug|x86.ActiveCfg = Debug|Any CPU
		{D325BDCD-74E2-4A6E-844B-5D7A9301DD4E}.Debug|x86.Build.0 = Debug|Any CPU
		{D325BDCD-74E2-4A6E-844B-5D7A9301DD4E}.Release|Any CPU.ActiveCfg = Release|Any CPU
		{D325BDCD-74E2-4A6E-844B-5D7A9301DD4E}.Release|Any CPU.Build.0 = Release|Any CPU
		{D325BDCD-74E2-4A6E-844B-5D7A9301DD4E}.Release|arm64.ActiveCfg = Release|Any CPU
		{D325BDCD-74E2-4A6E-844B-5D7A9301DD4E}.Release|arm64.Build.0 = Release|Any CPU
		{D325BDCD-74E2-4A6E-844B-5D7A9301DD4E}.Release|x64.ActiveCfg = Release|Any CPU
		{D325BDCD-74E2-4A6E-844B-5D7A9301DD4E}.Release|x64.Build.0 = Release|Any CPU
		{D325BDCD-74E2-4A6E-844B-5D7A9301DD4E}.Release|x86.ActiveCfg = Release|Any CPU
		{D325BDCD-74E2-4A6E-844B-5D7A9301DD4E}.Release|x86.Build.0 = Release|Any CPU
		{CF8FC34C-59D4-4B86-853B-3D8632A36839}.Debug|Any CPU.ActiveCfg = Debug|Any CPU
		{CF8FC34C-59D4-4B86-853B-3D8632A36839}.Debug|Any CPU.Build.0 = Debug|Any CPU
		{CF8FC34C-59D4-4B86-853B-3D8632A36839}.Debug|arm64.ActiveCfg = Debug|Any CPU
		{CF8FC34C-59D4-4B86-853B-3D8632A36839}.Debug|arm64.Build.0 = Debug|Any CPU
		{CF8FC34C-59D4-4B86-853B-3D8632A36839}.Debug|x64.ActiveCfg = Debug|Any CPU
		{CF8FC34C-59D4-4B86-853B-3D8632A36839}.Debug|x64.Build.0 = Debug|Any CPU
		{CF8FC34C-59D4-4B86-853B-3D8632A36839}.Debug|x86.ActiveCfg = Debug|Any CPU
		{CF8FC34C-59D4-4B86-853B-3D8632A36839}.Debug|x86.Build.0 = Debug|Any CPU
		{CF8FC34C-59D4-4B86-853B-3D8632A36839}.Release|Any CPU.ActiveCfg = Release|Any CPU
		{CF8FC34C-59D4-4B86-853B-3D8632A36839}.Release|Any CPU.Build.0 = Release|Any CPU
		{CF8FC34C-59D4-4B86-853B-3D8632A36839}.Release|arm64.ActiveCfg = Release|Any CPU
		{CF8FC34C-59D4-4B86-853B-3D8632A36839}.Release|arm64.Build.0 = Release|Any CPU
		{CF8FC34C-59D4-4B86-853B-3D8632A36839}.Release|x64.ActiveCfg = Release|Any CPU
		{CF8FC34C-59D4-4B86-853B-3D8632A36839}.Release|x64.Build.0 = Release|Any CPU
		{CF8FC34C-59D4-4B86-853B-3D8632A36839}.Release|x86.ActiveCfg = Release|Any CPU
		{CF8FC34C-59D4-4B86-853B-3D8632A36839}.Release|x86.Build.0 = Release|Any CPU
		{67E2C98D-A1EA-41D1-914C-E1F205B0CC01}.Debug|Any CPU.ActiveCfg = Debug|x64
		{67E2C98D-A1EA-41D1-914C-E1F205B0CC01}.Debug|Any CPU.Build.0 = Debug|x64
		{67E2C98D-A1EA-41D1-914C-E1F205B0CC01}.Debug|Any CPU.Deploy.0 = Debug|x64
		{67E2C98D-A1EA-41D1-914C-E1F205B0CC01}.Debug|arm64.ActiveCfg = Debug|arm64
		{67E2C98D-A1EA-41D1-914C-E1F205B0CC01}.Debug|arm64.Build.0 = Debug|arm64
		{67E2C98D-A1EA-41D1-914C-E1F205B0CC01}.Debug|arm64.Deploy.0 = Debug|arm64
		{67E2C98D-A1EA-41D1-914C-E1F205B0CC01}.Debug|x64.ActiveCfg = Debug|x64
		{67E2C98D-A1EA-41D1-914C-E1F205B0CC01}.Debug|x64.Build.0 = Debug|x64
		{67E2C98D-A1EA-41D1-914C-E1F205B0CC01}.Debug|x64.Deploy.0 = Debug|x64
		{67E2C98D-A1EA-41D1-914C-E1F205B0CC01}.Debug|x86.ActiveCfg = Debug|x86
		{67E2C98D-A1EA-41D1-914C-E1F205B0CC01}.Debug|x86.Build.0 = Debug|x86
		{67E2C98D-A1EA-41D1-914C-E1F205B0CC01}.Debug|x86.Deploy.0 = Debug|x86
		{67E2C98D-A1EA-41D1-914C-E1F205B0CC01}.Release|Any CPU.ActiveCfg = Release|x64
		{67E2C98D-A1EA-41D1-914C-E1F205B0CC01}.Release|Any CPU.Build.0 = Release|x64
		{67E2C98D-A1EA-41D1-914C-E1F205B0CC01}.Release|Any CPU.Deploy.0 = Release|x64
		{67E2C98D-A1EA-41D1-914C-E1F205B0CC01}.Release|arm64.ActiveCfg = Release|arm64
		{67E2C98D-A1EA-41D1-914C-E1F205B0CC01}.Release|arm64.Build.0 = Release|arm64
		{67E2C98D-A1EA-41D1-914C-E1F205B0CC01}.Release|arm64.Deploy.0 = Release|arm64
		{67E2C98D-A1EA-41D1-914C-E1F205B0CC01}.Release|x64.ActiveCfg = Release|x64
		{67E2C98D-A1EA-41D1-914C-E1F205B0CC01}.Release|x64.Build.0 = Release|x64
		{67E2C98D-A1EA-41D1-914C-E1F205B0CC01}.Release|x64.Deploy.0 = Release|x64
		{67E2C98D-A1EA-41D1-914C-E1F205B0CC01}.Release|x86.ActiveCfg = Release|x86
		{67E2C98D-A1EA-41D1-914C-E1F205B0CC01}.Release|x86.Build.0 = Release|x86
		{67E2C98D-A1EA-41D1-914C-E1F205B0CC01}.Release|x86.Deploy.0 = Release|x86
		{D029BD5E-C6EC-444E-82BE-76DB656CAF19}.Debug|Any CPU.ActiveCfg = Debug|Any CPU
		{D029BD5E-C6EC-444E-82BE-76DB656CAF19}.Debug|Any CPU.Build.0 = Debug|Any CPU
		{D029BD5E-C6EC-444E-82BE-76DB656CAF19}.Debug|arm64.ActiveCfg = Debug|Any CPU
		{D029BD5E-C6EC-444E-82BE-76DB656CAF19}.Debug|arm64.Build.0 = Debug|Any CPU
		{D029BD5E-C6EC-444E-82BE-76DB656CAF19}.Debug|x64.ActiveCfg = Debug|Any CPU
		{D029BD5E-C6EC-444E-82BE-76DB656CAF19}.Debug|x64.Build.0 = Debug|Any CPU
		{D029BD5E-C6EC-444E-82BE-76DB656CAF19}.Debug|x86.ActiveCfg = Debug|Any CPU
		{D029BD5E-C6EC-444E-82BE-76DB656CAF19}.Debug|x86.Build.0 = Debug|Any CPU
		{D029BD5E-C6EC-444E-82BE-76DB656CAF19}.Release|Any CPU.ActiveCfg = Release|Any CPU
		{D029BD5E-C6EC-444E-82BE-76DB656CAF19}.Release|Any CPU.Build.0 = Release|Any CPU
		{D029BD5E-C6EC-444E-82BE-76DB656CAF19}.Release|arm64.ActiveCfg = Release|Any CPU
		{D029BD5E-C6EC-444E-82BE-76DB656CAF19}.Release|arm64.Build.0 = Release|Any CPU
		{D029BD5E-C6EC-444E-82BE-76DB656CAF19}.Release|x64.ActiveCfg = Release|Any CPU
		{D029BD5E-C6EC-444E-82BE-76DB656CAF19}.Release|x64.Build.0 = Release|Any CPU
		{D029BD5E-C6EC-444E-82BE-76DB656CAF19}.Release|x86.ActiveCfg = Release|Any CPU
		{D029BD5E-C6EC-444E-82BE-76DB656CAF19}.Release|x86.Build.0 = Release|Any CPU
		{8EB0BEBF-3AAD-42D9-BCAC-2734370FA9E6}.Debug|Any CPU.ActiveCfg = Debug|Any CPU
		{8EB0BEBF-3AAD-42D9-BCAC-2734370FA9E6}.Debug|Any CPU.Build.0 = Debug|Any CPU
		{8EB0BEBF-3AAD-42D9-BCAC-2734370FA9E6}.Debug|arm64.ActiveCfg = Debug|Any CPU
		{8EB0BEBF-3AAD-42D9-BCAC-2734370FA9E6}.Debug|arm64.Build.0 = Debug|Any CPU
		{8EB0BEBF-3AAD-42D9-BCAC-2734370FA9E6}.Debug|x64.ActiveCfg = Debug|x64
		{8EB0BEBF-3AAD-42D9-BCAC-2734370FA9E6}.Debug|x64.Build.0 = Debug|x64
		{8EB0BEBF-3AAD-42D9-BCAC-2734370FA9E6}.Debug|x86.ActiveCfg = Debug|Any CPU
		{8EB0BEBF-3AAD-42D9-BCAC-2734370FA9E6}.Debug|x86.Build.0 = Debug|Any CPU
		{8EB0BEBF-3AAD-42D9-BCAC-2734370FA9E6}.Release|Any CPU.ActiveCfg = Release|Any CPU
		{8EB0BEBF-3AAD-42D9-BCAC-2734370FA9E6}.Release|Any CPU.Build.0 = Release|Any CPU
		{8EB0BEBF-3AAD-42D9-BCAC-2734370FA9E6}.Release|arm64.ActiveCfg = Release|Any CPU
		{8EB0BEBF-3AAD-42D9-BCAC-2734370FA9E6}.Release|arm64.Build.0 = Release|Any CPU
		{8EB0BEBF-3AAD-42D9-BCAC-2734370FA9E6}.Release|x64.ActiveCfg = Release|x64
		{8EB0BEBF-3AAD-42D9-BCAC-2734370FA9E6}.Release|x64.Build.0 = Release|x64
		{8EB0BEBF-3AAD-42D9-BCAC-2734370FA9E6}.Release|x86.ActiveCfg = Release|Any CPU
		{8EB0BEBF-3AAD-42D9-BCAC-2734370FA9E6}.Release|x86.Build.0 = Release|Any CPU
	EndGlobalSection
	GlobalSection(SolutionProperties) = preSolution
		HideSolutionNode = FALSE
	EndGlobalSection
	GlobalSection(NestedProjects) = preSolution
		{629B8ED0-AF54-40E0-9C74-31269D5C4185} = {97885810-1D33-4012-A3F4-FDF92EE59635}
		{D325BDCD-74E2-4A6E-844B-5D7A9301DD4E} = {97885810-1D33-4012-A3F4-FDF92EE59635}
		{CF8FC34C-59D4-4B86-853B-3D8632A36839} = {97885810-1D33-4012-A3F4-FDF92EE59635}
		{67E2C98D-A1EA-41D1-914C-E1F205B0CC01} = {97885810-1D33-4012-A3F4-FDF92EE59635}
		{D029BD5E-C6EC-444E-82BE-76DB656CAF19} = {97885810-1D33-4012-A3F4-FDF92EE59635}
		{8EB0BEBF-3AAD-42D9-BCAC-2734370FA9E6} = {37E91CDD-0223-4D33-BA12-F494975D03F6}
	EndGlobalSection
	GlobalSection(ExtensibilityGlobals) = postSolution
		SolutionGuid = {C2C07A25-83D9-4FB1-B5B6-367BD2529B3F}
	EndGlobalSection
EndGlobal
