
Microsoft Visual Studio Solution File, Format Version 12.00
# Visual Studio Version 17
VisualStudioVersion = 17.2.32526.322
MinimumVisualStudioVersion = 10.0.40219.1
Project("{8BC9CEB8-8B4A-11D0-8D11-00A0C91BC942}") = "Render.Interop", "Render.Interop\Render.Interop.vcxproj", "{B4D924B6-04C2-45EB-B26C-EF9854EC3866}"
EndProject
Project("{9A19103F-16F7-4668-BE54-9A1E7A4F7556}") = "RenderIndexMapGenerator", "RenderIndexMapGenerator\RenderIndexMapGenerator.csproj", "{86986034-DE91-45D8-876D-54417D450835}"
EndProject
Project("{9A19103F-16F7-4668-BE54-9A1E7A4F7556}") = "Render.Source", "Render.Source\Render.Source.csproj", "{C870AD79-4B92-4AF5-97BB-02C42C93F22B}"
EndProject
Project("{9A19103F-16F7-4668-BE54-9A1E7A4F7556}") = "WinUISample", "WinUISample\WinUISample.csproj", "{76FD620D-E88F-42D7-A624-E37C16AFC8FC}"
EndProject
Project("{2150E333-8FDC-42A3-9474-1A3956D46DE8}") = "WPF", "WPF", "{5926A040-8354-4D99-9C7B-0BE9A5740C3D}"
EndProject
Project("{2150E333-8FDC-42A3-9474-1A3956D46DE8}") = "WinUI", "WinUI", "{4EAFBFDC-3F81-4840-9878-E35FC5ABAF9C}"
EndProject
Project("{2150E333-8FDC-42A3-9474-1A3956D46DE8}") = "Common", "Common", "{BA309291-FC39-4179-BC7C-F0A89F93B893}"
EndProject
Project("{9A19103F-16F7-4668-BE54-9A1E7A4F7556}") = "WPFSample", "WPFSample\WPFSample.csproj", "{20683D66-CDE9-4871-9F0D-AE320EA8508F}"
EndProject
Project("{9A19103F-16F7-4668-BE54-9A1E7A4F7556}") = "Render.InteropCs", "Render.Interop\swig\Render.InteropCs.csproj", "{B046077B-1731-44BC-8B38-81FD23A70D1D}"
EndProject
Global
	GlobalSection(SolutionConfigurationPlatforms) = preSolution
		Debug|Any CPU = Debug|Any CPU
		Debug|x64 = Debug|x64
		Release|Any CPU = Release|Any CPU
		Release|x64 = Release|x64
	EndGlobalSection
	GlobalSection(ProjectConfigurationPlatforms) = postSolution
		{B4D924B6-04C2-45EB-B26C-EF9854EC3866}.Debug|Any CPU.ActiveCfg = Debug|x64
		{B4D924B6-04C2-45EB-B26C-EF9854EC3866}.Debug|Any CPU.Build.0 = Debug|x64
		{B4D924B6-04C2-45EB-B26C-EF9854EC3866}.Debug|x64.ActiveCfg = Debug|x64
		{B4D924B6-04C2-45EB-B26C-EF9854EC3866}.Debug|x64.Build.0 = Debug|x64
		{B4D924B6-04C2-45EB-B26C-EF9854EC3866}.Release|Any CPU.ActiveCfg = Release|x64
		{B4D924B6-04C2-45EB-B26C-EF9854EC3866}.Release|Any CPU.Build.0 = Release|x64
		{B4D924B6-04C2-45EB-B26C-EF9854EC3866}.Release|x64.ActiveCfg = Release|x64
		{B4D924B6-04C2-45EB-B26C-EF9854EC3866}.Release|x64.Build.0 = Release|x64
		{86986034-DE91-45D8-876D-54417D450835}.Debug|Any CPU.ActiveCfg = Debug|Any CPU
		{86986034-DE91-45D8-876D-54417D450835}.Debug|Any CPU.Build.0 = Debug|Any CPU
		{86986034-DE91-45D8-876D-54417D450835}.Debug|x64.ActiveCfg = Debug|Any CPU
		{86986034-DE91-45D8-876D-54417D450835}.Debug|x64.Build.0 = Debug|Any CPU
		{86986034-DE91-45D8-876D-54417D450835}.Release|Any CPU.ActiveCfg = Release|Any CPU
		{86986034-DE91-45D8-876D-54417D450835}.Release|Any CPU.Build.0 = Release|Any CPU
		{86986034-DE91-45D8-876D-54417D450835}.Release|x64.ActiveCfg = Release|Any CPU
		{86986034-DE91-45D8-876D-54417D450835}.Release|x64.Build.0 = Release|Any CPU
		{C870AD79-4B92-4AF5-97BB-02C42C93F22B}.Debug|Any CPU.ActiveCfg = Debug|Any CPU
		{C870AD79-4B92-4AF5-97BB-02C42C93F22B}.Debug|Any CPU.Build.0 = Debug|Any CPU
		{C870AD79-4B92-4AF5-97BB-02C42C93F22B}.Debug|x64.ActiveCfg = Debug|Any CPU
		{C870AD79-4B92-4AF5-97BB-02C42C93F22B}.Debug|x64.Build.0 = Debug|Any CPU
		{C870AD79-4B92-4AF5-97BB-02C42C93F22B}.Release|Any CPU.ActiveCfg = Release|Any CPU
		{C870AD79-4B92-4AF5-97BB-02C42C93F22B}.Release|Any CPU.Build.0 = Release|Any CPU
		{C870AD79-4B92-4AF5-97BB-02C42C93F22B}.Release|x64.ActiveCfg = Release|Any CPU
		{C870AD79-4B92-4AF5-97BB-02C42C93F22B}.Release|x64.Build.0 = Release|Any CPU
		{76FD620D-E88F-42D7-A624-E37C16AFC8FC}.Debug|Any CPU.ActiveCfg = Debug|Any CPU
		{76FD620D-E88F-42D7-A624-E37C16AFC8FC}.Debug|Any CPU.Build.0 = Debug|Any CPU
		{76FD620D-E88F-42D7-A624-E37C16AFC8FC}.Debug|x64.ActiveCfg = Debug|x64
		{76FD620D-E88F-42D7-A624-E37C16AFC8FC}.Debug|x64.Build.0 = Debug|x64
		{76FD620D-E88F-42D7-A624-E37C16AFC8FC}.Debug|x64.Deploy.0 = Debug|x64
		{76FD620D-E88F-42D7-A624-E37C16AFC8FC}.Release|Any CPU.ActiveCfg = Release|Any CPU
		{76FD620D-E88F-42D7-A624-E37C16AFC8FC}.Release|Any CPU.Build.0 = Release|Any CPU
		{76FD620D-E88F-42D7-A624-E37C16AFC8FC}.Release|x64.ActiveCfg = Release|x64
		{76FD620D-E88F-42D7-A624-E37C16AFC8FC}.Release|x64.Build.0 = Release|x64
		{76FD620D-E88F-42D7-A624-E37C16AFC8FC}.Release|x64.Deploy.0 = Release|x64
		{20683D66-CDE9-4871-9F0D-AE320EA8508F}.Debug|Any CPU.ActiveCfg = Debug|Any CPU
		{20683D66-CDE9-4871-9F0D-AE320EA8508F}.Debug|Any CPU.Build.0 = Debug|Any CPU
		{20683D66-CDE9-4871-9F0D-AE320EA8508F}.Debug|x64.ActiveCfg = Debug|Any CPU
		{20683D66-CDE9-4871-9F0D-AE320EA8508F}.Debug|x64.Build.0 = Debug|Any CPU
		{20683D66-CDE9-4871-9F0D-AE320EA8508F}.Release|Any CPU.ActiveCfg = Release|Any CPU
		{20683D66-CDE9-4871-9F0D-AE320EA8508F}.Release|Any CPU.Build.0 = Release|Any CPU
		{20683D66-CDE9-4871-9F0D-AE320EA8508F}.Release|x64.ActiveCfg = Release|x64
		{20683D66-CDE9-4871-9F0D-AE320EA8508F}.Release|x64.Build.0 = Release|x64
		{B046077B-1731-44BC-8B38-81FD23A70D1D}.Debug|Any CPU.ActiveCfg = Debug|Any CPU
		{B046077B-1731-44BC-8B38-81FD23A70D1D}.Debug|Any CPU.Build.0 = Debug|Any CPU
		{B046077B-1731-44BC-8B38-81FD23A70D1D}.Debug|x64.ActiveCfg = Debug|Any CPU
		{B046077B-1731-44BC-8B38-81FD23A70D1D}.Debug|x64.Build.0 = Debug|Any CPU
		{B046077B-1731-44BC-8B38-81FD23A70D1D}.Release|Any CPU.ActiveCfg = Release|Any CPU
		{B046077B-1731-44BC-8B38-81FD23A70D1D}.Release|Any CPU.Build.0 = Release|Any CPU
		{B046077B-1731-44BC-8B38-81FD23A70D1D}.Release|x64.ActiveCfg = Release|Any CPU
		{B046077B-1731-44BC-8B38-81FD23A70D1D}.Release|x64.Build.0 = Release|Any CPU
	EndGlobalSection
	GlobalSection(SolutionProperties) = preSolution
		HideSolutionNode = FALSE
	EndGlobalSection
	GlobalSection(NestedProjects) = preSolution
		{B4D924B6-04C2-45EB-B26C-EF9854EC3866} = {BA309291-FC39-4179-BC7C-F0A89F93B893}
		{86986034-DE91-45D8-876D-54417D450835} = {BA309291-FC39-4179-BC7C-F0A89F93B893}
		{C870AD79-4B92-4AF5-97BB-02C42C93F22B} = {BA309291-FC39-4179-BC7C-F0A89F93B893}
		{76FD620D-E88F-42D7-A624-E37C16AFC8FC} = {4EAFBFDC-3F81-4840-9878-E35FC5ABAF9C}
		{20683D66-CDE9-4871-9F0D-AE320EA8508F} = {5926A040-8354-4D99-9C7B-0BE9A5740C3D}
		{B046077B-1731-44BC-8B38-81FD23A70D1D} = {BA309291-FC39-4179-BC7C-F0A89F93B893}
	EndGlobalSection
	GlobalSection(ExtensibilityGlobals) = postSolution
		SolutionGuid = {57D9ABDF-BD99-4351-8CEA-DC2F50AC5416}
	EndGlobalSection
EndGlobal
