
Microsoft Visual Studio Solution File, Format Version 12.00
# Visual Studio Version 17
VisualStudioVersion = 17.4.33205.214
MinimumVisualStudioVersion = 10.0.40219.1
Project("{D954291E-2A0B-460D-934E-DC6B0785DB48}") = "UnoUWP.Shared", "UnoUWP\UnoUWP.Shared\UnoUWP.Shared.shproj", "{6279C845-92F8-4333-AB99-3D213163593C}"
EndProject
Project("{2150E333-8FDC-42A3-9474-1A3956D46DE8}") = "Platforms", "Platforms", "{CF0157DD-6FEA-4C0E-93A0-E59EFFC92B0F}"
EndProject
Project("{FAE04EC0-301F-11D3-BF4B-00C04F79EFBC}") = "UnoUWP.Droid", "UnoUWP\UnoUWP.Droid\UnoUWP.Droid.csproj", "{E3416582-3974-4C3C-814B-56B4DBB83670}"
EndProject
Project("{FAE04EC0-301F-11D3-BF4B-00C04F79EFBC}") = "UnoUWP.iOS", "UnoUWP\UnoUWP.iOS\UnoUWP.iOS.csproj", "{43DA40AC-0B4E-4E3F-8B27-0027DCD26658}"
EndProject
Project("{FAE04EC0-301F-11D3-BF4B-00C04F79EFBC}") = "UnoUWP.UWP", "UnoUWP\UnoUWP.UWP\UnoUWP.UWP.csproj", "{CDADB8E4-CFF2-4C09-B5E0-C6E031DD3037}"
EndProject
Project("{FAE04EC0-301F-11D3-BF4B-00C04F79EFBC}") = "UnoUWP.Wasm", "UnoUWP\UnoUWP.Wasm\UnoUWP.Wasm.csproj", "{DB5CE65C-82B5-4975-9574-FA773D80EFED}"
EndProject
Project("{FAE04EC0-301F-11D3-BF4B-00C04F79EFBC}") = "UnoUWP.macOS", "UnoUWP\UnoUWP.macOS\UnoUWP.macOS.csproj", "{27FF17F3-89DB-4793-BCAF-DFF775CF0FC3}"
EndProject
Project("{FAE04EC0-301F-11D3-BF4B-00C04F79EFBC}") = "UnoUWP.Skia.Wpf.Host", "UnoUWP\UnoUWP.Skia.Wpf.Host\UnoUWP.Skia.Wpf.Host.csproj", "{244F428D-9667-48B0-BC01-B73389BB8A34}"
EndProject
Project("{FAE04EC0-301F-11D3-BF4B-00C04F79EFBC}") = "UnoUWP.Skia.Wpf", "UnoUWP\UnoUWP.Skia.Wpf\UnoUWP.Skia.Wpf.csproj", "{BD41E36C-2336-459D-9BD2-18BEFA68573E}"
EndProject
Project("{FAE04EC0-301F-11D3-BF4B-00C04F79EFBC}") = "UnoUWP.Skia.Gtk", "UnoUWP\UnoUWP.Skia.Gtk\UnoUWP.Skia.Gtk.csproj", "{3CC239D7-6751-4C41-9827-6B7AE062192D}"
EndProject
Project("{FAE04EC0-301F-11D3-BF4B-00C04F79EFBC}") = "UnoUWP.Skia.Tizen", "UnoUWP\UnoUWP.Skia.Tizen\UnoUWP.Skia.Tizen.csproj", "{A1BBD4D5-AFE1-499B-8A12-37FFFD59DFD7}"
EndProject
Project("{2150E333-8FDC-42A3-9474-1A3956D46DE8}") = "Common", "Common", "{815FE63F-1327-4593-87EC-D9A88B46146C}"
EndProject
Project("{9A19103F-16F7-4668-BE54-9A1E7A4F7556}") = "Render.Source", "..\Render.Source\Render.Source.csproj", "{CA263D4F-B4DF-4C7E-B79F-6741E1AF306B}"
EndProject
Global
	GlobalSection(SolutionConfigurationPlatforms) = preSolution
		Ad-Hoc|Any CPU = Ad-Hoc|Any CPU
		Ad-Hoc|ARM = Ad-Hoc|ARM
		Ad-Hoc|ARM64 = Ad-Hoc|ARM64
		Ad-Hoc|iPhone = Ad-Hoc|iPhone
		Ad-Hoc|iPhoneSimulator = Ad-Hoc|iPhoneSimulator
		Ad-Hoc|x64 = Ad-Hoc|x64
		Ad-Hoc|x86 = Ad-Hoc|x86
		AppStore|Any CPU = AppStore|Any CPU
		AppStore|ARM = AppStore|ARM
		AppStore|ARM64 = AppStore|ARM64
		AppStore|iPhone = AppStore|iPhone
		AppStore|iPhoneSimulator = AppStore|iPhoneSimulator
		AppStore|x64 = AppStore|x64
		AppStore|x86 = AppStore|x86
		Debug|Any CPU = Debug|Any CPU
		Debug|ARM = Debug|ARM
		Debug|ARM64 = Debug|ARM64
		Debug|iPhone = Debug|iPhone
		Debug|iPhoneSimulator = Debug|iPhoneSimulator
		Debug|x64 = Debug|x64
		Debug|x86 = Debug|x86
		Release|Any CPU = Release|Any CPU
		Release|ARM = Release|ARM
		Release|ARM64 = Release|ARM64
		Release|iPhone = Release|iPhone
		Release|iPhoneSimulator = Release|iPhoneSimulator
		Release|x64 = Release|x64
		Release|x86 = Release|x86
	EndGlobalSection
	GlobalSection(ProjectConfigurationPlatforms) = postSolution
		{E3416582-3974-4C3C-814B-56B4DBB83670}.Ad-Hoc|Any CPU.ActiveCfg = Debug|Any CPU
		{E3416582-3974-4C3C-814B-56B4DBB83670}.Ad-Hoc|Any CPU.Build.0 = Debug|Any CPU
		{E3416582-3974-4C3C-814B-56B4DBB83670}.Ad-Hoc|Any CPU.Deploy.0 = Debug|Any CPU
		{E3416582-3974-4C3C-814B-56B4DBB83670}.Ad-Hoc|ARM.ActiveCfg = Debug|Any CPU
		{E3416582-3974-4C3C-814B-56B4DBB83670}.Ad-Hoc|ARM.Build.0 = Debug|Any CPU
		{E3416582-3974-4C3C-814B-56B4DBB83670}.Ad-Hoc|ARM.Deploy.0 = Debug|Any CPU
		{E3416582-3974-4C3C-814B-56B4DBB83670}.Ad-Hoc|ARM64.ActiveCfg = Debug|Any CPU
		{E3416582-3974-4C3C-814B-56B4DBB83670}.Ad-Hoc|ARM64.Build.0 = Debug|Any CPU
		{E3416582-3974-4C3C-814B-56B4DBB83670}.Ad-Hoc|ARM64.Deploy.0 = Debug|Any CPU
		{E3416582-3974-4C3C-814B-56B4DBB83670}.Ad-Hoc|iPhone.ActiveCfg = Debug|Any CPU
		{E3416582-3974-4C3C-814B-56B4DBB83670}.Ad-Hoc|iPhone.Build.0 = Debug|Any CPU
		{E3416582-3974-4C3C-814B-56B4DBB83670}.Ad-Hoc|iPhone.Deploy.0 = Debug|Any CPU
		{E3416582-3974-4C3C-814B-56B4DBB83670}.Ad-Hoc|iPhoneSimulator.ActiveCfg = Debug|Any CPU
		{E3416582-3974-4C3C-814B-56B4DBB83670}.Ad-Hoc|iPhoneSimulator.Build.0 = Debug|Any CPU
		{E3416582-3974-4C3C-814B-56B4DBB83670}.Ad-Hoc|iPhoneSimulator.Deploy.0 = Debug|Any CPU
		{E3416582-3974-4C3C-814B-56B4DBB83670}.Ad-Hoc|x64.ActiveCfg = Debug|Any CPU
		{E3416582-3974-4C3C-814B-56B4DBB83670}.Ad-Hoc|x64.Build.0 = Debug|Any CPU
		{E3416582-3974-4C3C-814B-56B4DBB83670}.Ad-Hoc|x64.Deploy.0 = Debug|Any CPU
		{E3416582-3974-4C3C-814B-56B4DBB83670}.Ad-Hoc|x86.ActiveCfg = Debug|Any CPU
		{E3416582-3974-4C3C-814B-56B4DBB83670}.Ad-Hoc|x86.Build.0 = Debug|Any CPU
		{E3416582-3974-4C3C-814B-56B4DBB83670}.Ad-Hoc|x86.Deploy.0 = Debug|Any CPU
		{E3416582-3974-4C3C-814B-56B4DBB83670}.AppStore|Any CPU.ActiveCfg = Debug|Any CPU
		{E3416582-3974-4C3C-814B-56B4DBB83670}.AppStore|Any CPU.Build.0 = Debug|Any CPU
		{E3416582-3974-4C3C-814B-56B4DBB83670}.AppStore|Any CPU.Deploy.0 = Debug|Any CPU
		{E3416582-3974-4C3C-814B-56B4DBB83670}.AppStore|ARM.ActiveCfg = Debug|Any CPU
		{E3416582-3974-4C3C-814B-56B4DBB83670}.AppStore|ARM.Build.0 = Debug|Any CPU
		{E3416582-3974-4C3C-814B-56B4DBB83670}.AppStore|ARM.Deploy.0 = Debug|Any CPU
		{E3416582-3974-4C3C-814B-56B4DBB83670}.AppStore|ARM64.ActiveCfg = Debug|Any CPU
		{E3416582-3974-4C3C-814B-56B4DBB83670}.AppStore|ARM64.Build.0 = Debug|Any CPU
		{E3416582-3974-4C3C-814B-56B4DBB83670}.AppStore|ARM64.Deploy.0 = Debug|Any CPU
		{E3416582-3974-4C3C-814B-56B4DBB83670}.AppStore|iPhone.ActiveCfg = Debug|Any CPU
		{E3416582-3974-4C3C-814B-56B4DBB83670}.AppStore|iPhone.Build.0 = Debug|Any CPU
		{E3416582-3974-4C3C-814B-56B4DBB83670}.AppStore|iPhone.Deploy.0 = Debug|Any CPU
		{E3416582-3974-4C3C-814B-56B4DBB83670}.AppStore|iPhoneSimulator.ActiveCfg = Debug|Any CPU
		{E3416582-3974-4C3C-814B-56B4DBB83670}.AppStore|iPhoneSimulator.Build.0 = Debug|Any CPU
		{E3416582-3974-4C3C-814B-56B4DBB83670}.AppStore|iPhoneSimulator.Deploy.0 = Debug|Any CPU
		{E3416582-3974-4C3C-814B-56B4DBB83670}.AppStore|x64.ActiveCfg = Debug|Any CPU
		{E3416582-3974-4C3C-814B-56B4DBB83670}.AppStore|x64.Build.0 = Debug|Any CPU
		{E3416582-3974-4C3C-814B-56B4DBB83670}.AppStore|x64.Deploy.0 = Debug|Any CPU
		{E3416582-3974-4C3C-814B-56B4DBB83670}.AppStore|x86.ActiveCfg = Debug|Any CPU
		{E3416582-3974-4C3C-814B-56B4DBB83670}.AppStore|x86.Build.0 = Debug|Any CPU
		{E3416582-3974-4C3C-814B-56B4DBB83670}.AppStore|x86.Deploy.0 = Debug|Any CPU
		{E3416582-3974-4C3C-814B-56B4DBB83670}.Debug|Any CPU.ActiveCfg = Debug|Any CPU
		{E3416582-3974-4C3C-814B-56B4DBB83670}.Debug|Any CPU.Build.0 = Debug|Any CPU
		{E3416582-3974-4C3C-814B-56B4DBB83670}.Debug|Any CPU.Deploy.0 = Debug|Any CPU
		{E3416582-3974-4C3C-814B-56B4DBB83670}.Debug|ARM.ActiveCfg = Debug|Any CPU
		{E3416582-3974-4C3C-814B-56B4DBB83670}.Debug|ARM.Build.0 = Debug|Any CPU
		{E3416582-3974-4C3C-814B-56B4DBB83670}.Debug|ARM.Deploy.0 = Debug|Any CPU
		{E3416582-3974-4C3C-814B-56B4DBB83670}.Debug|ARM64.ActiveCfg = Debug|Any CPU
		{E3416582-3974-4C3C-814B-56B4DBB83670}.Debug|ARM64.Build.0 = Debug|Any CPU
		{E3416582-3974-4C3C-814B-56B4DBB83670}.Debug|ARM64.Deploy.0 = Debug|Any CPU
		{E3416582-3974-4C3C-814B-56B4DBB83670}.Debug|iPhone.ActiveCfg = Debug|Any CPU
		{E3416582-3974-4C3C-814B-56B4DBB83670}.Debug|iPhone.Build.0 = Debug|Any CPU
		{E3416582-3974-4C3C-814B-56B4DBB83670}.Debug|iPhone.Deploy.0 = Debug|Any CPU
		{E3416582-3974-4C3C-814B-56B4DBB83670}.Debug|iPhoneSimulator.ActiveCfg = Debug|Any CPU
		{E3416582-3974-4C3C-814B-56B4DBB83670}.Debug|iPhoneSimulator.Build.0 = Debug|Any CPU
		{E3416582-3974-4C3C-814B-56B4DBB83670}.Debug|iPhoneSimulator.Deploy.0 = Debug|Any CPU
		{E3416582-3974-4C3C-814B-56B4DBB83670}.Debug|x64.ActiveCfg = Debug|Any CPU
		{E3416582-3974-4C3C-814B-56B4DBB83670}.Debug|x64.Build.0 = Debug|Any CPU
		{E3416582-3974-4C3C-814B-56B4DBB83670}.Debug|x64.Deploy.0 = Debug|Any CPU
		{E3416582-3974-4C3C-814B-56B4DBB83670}.Debug|x86.ActiveCfg = Debug|Any CPU
		{E3416582-3974-4C3C-814B-56B4DBB83670}.Debug|x86.Build.0 = Debug|Any CPU
		{E3416582-3974-4C3C-814B-56B4DBB83670}.Debug|x86.Deploy.0 = Debug|Any CPU
		{E3416582-3974-4C3C-814B-56B4DBB83670}.Release|Any CPU.ActiveCfg = Release|Any CPU
		{E3416582-3974-4C3C-814B-56B4DBB83670}.Release|Any CPU.Build.0 = Release|Any CPU
		{E3416582-3974-4C3C-814B-56B4DBB83670}.Release|Any CPU.Deploy.0 = Release|Any CPU
		{E3416582-3974-4C3C-814B-56B4DBB83670}.Release|ARM.ActiveCfg = Release|Any CPU
		{E3416582-3974-4C3C-814B-56B4DBB83670}.Release|ARM.Build.0 = Release|Any CPU
		{E3416582-3974-4C3C-814B-56B4DBB83670}.Release|ARM.Deploy.0 = Release|Any CPU
		{E3416582-3974-4C3C-814B-56B4DBB83670}.Release|ARM64.ActiveCfg = Release|Any CPU
		{E3416582-3974-4C3C-814B-56B4DBB83670}.Release|ARM64.Build.0 = Release|Any CPU
		{E3416582-3974-4C3C-814B-56B4DBB83670}.Release|ARM64.Deploy.0 = Release|Any CPU
		{E3416582-3974-4C3C-814B-56B4DBB83670}.Release|iPhone.ActiveCfg = Release|Any CPU
		{E3416582-3974-4C3C-814B-56B4DBB83670}.Release|iPhone.Build.0 = Release|Any CPU
		{E3416582-3974-4C3C-814B-56B4DBB83670}.Release|iPhone.Deploy.0 = Release|Any CPU
		{E3416582-3974-4C3C-814B-56B4DBB83670}.Release|iPhoneSimulator.ActiveCfg = Release|Any CPU
		{E3416582-3974-4C3C-814B-56B4DBB83670}.Release|iPhoneSimulator.Build.0 = Release|Any CPU
		{E3416582-3974-4C3C-814B-56B4DBB83670}.Release|iPhoneSimulator.Deploy.0 = Release|Any CPU
		{E3416582-3974-4C3C-814B-56B4DBB83670}.Release|x64.ActiveCfg = Release|Any CPU
		{E3416582-3974-4C3C-814B-56B4DBB83670}.Release|x64.Build.0 = Release|Any CPU
		{E3416582-3974-4C3C-814B-56B4DBB83670}.Release|x64.Deploy.0 = Release|Any CPU
		{E3416582-3974-4C3C-814B-56B4DBB83670}.Release|x86.ActiveCfg = Release|Any CPU
		{E3416582-3974-4C3C-814B-56B4DBB83670}.Release|x86.Build.0 = Release|Any CPU
		{E3416582-3974-4C3C-814B-56B4DBB83670}.Release|x86.Deploy.0 = Release|Any CPU
		{43DA40AC-0B4E-4E3F-8B27-0027DCD26658}.Ad-Hoc|Any CPU.ActiveCfg = Ad-Hoc|iPhoneSimulator
		{43DA40AC-0B4E-4E3F-8B27-0027DCD26658}.Ad-Hoc|Any CPU.Build.0 = Ad-Hoc|iPhoneSimulator
		{43DA40AC-0B4E-4E3F-8B27-0027DCD26658}.Ad-Hoc|ARM.ActiveCfg = Ad-Hoc|iPhoneSimulator
		{43DA40AC-0B4E-4E3F-8B27-0027DCD26658}.Ad-Hoc|ARM.Build.0 = Ad-Hoc|iPhoneSimulator
		{43DA40AC-0B4E-4E3F-8B27-0027DCD26658}.Ad-Hoc|ARM64.ActiveCfg = Ad-Hoc|iPhoneSimulator
		{43DA40AC-0B4E-4E3F-8B27-0027DCD26658}.Ad-Hoc|ARM64.Build.0 = Ad-Hoc|iPhoneSimulator
		{43DA40AC-0B4E-4E3F-8B27-0027DCD26658}.Ad-Hoc|iPhone.ActiveCfg = Ad-Hoc|iPhone
		{43DA40AC-0B4E-4E3F-8B27-0027DCD26658}.Ad-Hoc|iPhone.Build.0 = Ad-Hoc|iPhone
		{43DA40AC-0B4E-4E3F-8B27-0027DCD26658}.Ad-Hoc|iPhoneSimulator.ActiveCfg = Ad-Hoc|iPhoneSimulator
		{43DA40AC-0B4E-4E3F-8B27-0027DCD26658}.Ad-Hoc|iPhoneSimulator.Build.0 = Ad-Hoc|iPhoneSimulator
		{43DA40AC-0B4E-4E3F-8B27-0027DCD26658}.Ad-Hoc|x64.ActiveCfg = Ad-Hoc|iPhoneSimulator
		{43DA40AC-0B4E-4E3F-8B27-0027DCD26658}.Ad-Hoc|x64.Build.0 = Ad-Hoc|iPhoneSimulator
		{43DA40AC-0B4E-4E3F-8B27-0027DCD26658}.Ad-Hoc|x86.ActiveCfg = Ad-Hoc|iPhoneSimulator
		{43DA40AC-0B4E-4E3F-8B27-0027DCD26658}.Ad-Hoc|x86.Build.0 = Ad-Hoc|iPhoneSimulator
		{43DA40AC-0B4E-4E3F-8B27-0027DCD26658}.AppStore|Any CPU.ActiveCfg = AppStore|iPhoneSimulator
		{43DA40AC-0B4E-4E3F-8B27-0027DCD26658}.AppStore|Any CPU.Build.0 = AppStore|iPhoneSimulator
		{43DA40AC-0B4E-4E3F-8B27-0027DCD26658}.AppStore|ARM.ActiveCfg = AppStore|iPhoneSimulator
		{43DA40AC-0B4E-4E3F-8B27-0027DCD26658}.AppStore|ARM.Build.0 = AppStore|iPhoneSimulator
		{43DA40AC-0B4E-4E3F-8B27-0027DCD26658}.AppStore|ARM64.ActiveCfg = AppStore|iPhoneSimulator
		{43DA40AC-0B4E-4E3F-8B27-0027DCD26658}.AppStore|ARM64.Build.0 = AppStore|iPhoneSimulator
		{43DA40AC-0B4E-4E3F-8B27-0027DCD26658}.AppStore|iPhone.ActiveCfg = AppStore|iPhone
		{43DA40AC-0B4E-4E3F-8B27-0027DCD26658}.AppStore|iPhone.Build.0 = AppStore|iPhone
		{43DA40AC-0B4E-4E3F-8B27-0027DCD26658}.AppStore|iPhoneSimulator.ActiveCfg = AppStore|iPhoneSimulator
		{43DA40AC-0B4E-4E3F-8B27-0027DCD26658}.AppStore|iPhoneSimulator.Build.0 = AppStore|iPhoneSimulator
		{43DA40AC-0B4E-4E3F-8B27-0027DCD26658}.AppStore|x64.ActiveCfg = AppStore|iPhoneSimulator
		{43DA40AC-0B4E-4E3F-8B27-0027DCD26658}.AppStore|x64.Build.0 = AppStore|iPhoneSimulator
		{43DA40AC-0B4E-4E3F-8B27-0027DCD26658}.AppStore|x86.ActiveCfg = AppStore|iPhoneSimulator
		{43DA40AC-0B4E-4E3F-8B27-0027DCD26658}.AppStore|x86.Build.0 = AppStore|iPhoneSimulator
		{43DA40AC-0B4E-4E3F-8B27-0027DCD26658}.Debug|Any CPU.ActiveCfg = Debug|iPhoneSimulator
		{43DA40AC-0B4E-4E3F-8B27-0027DCD26658}.Debug|Any CPU.Build.0 = Debug|iPhoneSimulator
		{43DA40AC-0B4E-4E3F-8B27-0027DCD26658}.Debug|ARM.ActiveCfg = Debug|iPhoneSimulator
		{43DA40AC-0B4E-4E3F-8B27-0027DCD26658}.Debug|ARM.Build.0 = Debug|iPhoneSimulator
		{43DA40AC-0B4E-4E3F-8B27-0027DCD26658}.Debug|ARM64.ActiveCfg = Debug|iPhoneSimulator
		{43DA40AC-0B4E-4E3F-8B27-0027DCD26658}.Debug|ARM64.Build.0 = Debug|iPhoneSimulator
		{43DA40AC-0B4E-4E3F-8B27-0027DCD26658}.Debug|iPhone.ActiveCfg = Debug|iPhone
		{43DA40AC-0B4E-4E3F-8B27-0027DCD26658}.Debug|iPhone.Build.0 = Debug|iPhone
		{43DA40AC-0B4E-4E3F-8B27-0027DCD26658}.Debug|iPhone.Deploy.0 = Debug|iPhone
		{43DA40AC-0B4E-4E3F-8B27-0027DCD26658}.Debug|iPhoneSimulator.ActiveCfg = Debug|iPhoneSimulator
		{43DA40AC-0B4E-4E3F-8B27-0027DCD26658}.Debug|iPhoneSimulator.Build.0 = Debug|iPhoneSimulator
		{43DA40AC-0B4E-4E3F-8B27-0027DCD26658}.Debug|iPhoneSimulator.Deploy.0 = Debug|iPhoneSimulator
		{43DA40AC-0B4E-4E3F-8B27-0027DCD26658}.Debug|x64.ActiveCfg = Debug|iPhoneSimulator
		{43DA40AC-0B4E-4E3F-8B27-0027DCD26658}.Debug|x64.Build.0 = Debug|iPhoneSimulator
		{43DA40AC-0B4E-4E3F-8B27-0027DCD26658}.Debug|x86.ActiveCfg = Debug|iPhoneSimulator
		{43DA40AC-0B4E-4E3F-8B27-0027DCD26658}.Debug|x86.Build.0 = Debug|iPhoneSimulator
		{43DA40AC-0B4E-4E3F-8B27-0027DCD26658}.Release|Any CPU.ActiveCfg = Release|iPhoneSimulator
		{43DA40AC-0B4E-4E3F-8B27-0027DCD26658}.Release|Any CPU.Build.0 = Release|iPhoneSimulator
		{43DA40AC-0B4E-4E3F-8B27-0027DCD26658}.Release|ARM.ActiveCfg = Release|iPhoneSimulator
		{43DA40AC-0B4E-4E3F-8B27-0027DCD26658}.Release|ARM.Build.0 = Release|iPhoneSimulator
		{43DA40AC-0B4E-4E3F-8B27-0027DCD26658}.Release|ARM64.ActiveCfg = Release|iPhoneSimulator
		{43DA40AC-0B4E-4E3F-8B27-0027DCD26658}.Release|ARM64.Build.0 = Release|iPhoneSimulator
		{43DA40AC-0B4E-4E3F-8B27-0027DCD26658}.Release|iPhone.ActiveCfg = Release|iPhone
		{43DA40AC-0B4E-4E3F-8B27-0027DCD26658}.Release|iPhone.Build.0 = Release|iPhone
		{43DA40AC-0B4E-4E3F-8B27-0027DCD26658}.Release|iPhoneSimulator.ActiveCfg = Release|iPhoneSimulator
		{43DA40AC-0B4E-4E3F-8B27-0027DCD26658}.Release|iPhoneSimulator.Build.0 = Release|iPhoneSimulator
		{43DA40AC-0B4E-4E3F-8B27-0027DCD26658}.Release|x64.ActiveCfg = Release|iPhoneSimulator
		{43DA40AC-0B4E-4E3F-8B27-0027DCD26658}.Release|x64.Build.0 = Release|iPhoneSimulator
		{43DA40AC-0B4E-4E3F-8B27-0027DCD26658}.Release|x86.ActiveCfg = Release|iPhoneSimulator
		{43DA40AC-0B4E-4E3F-8B27-0027DCD26658}.Release|x86.Build.0 = Release|iPhoneSimulator
		{CDADB8E4-CFF2-4C09-B5E0-C6E031DD3037}.Ad-Hoc|Any CPU.ActiveCfg = Debug|x64
		{CDADB8E4-CFF2-4C09-B5E0-C6E031DD3037}.Ad-Hoc|Any CPU.Build.0 = Debug|x64
		{CDADB8E4-CFF2-4C09-B5E0-C6E031DD3037}.Ad-Hoc|Any CPU.Deploy.0 = Debug|x64
		{CDADB8E4-CFF2-4C09-B5E0-C6E031DD3037}.Ad-Hoc|ARM.ActiveCfg = Debug|ARM
		{CDADB8E4-CFF2-4C09-B5E0-C6E031DD3037}.Ad-Hoc|ARM.Build.0 = Debug|ARM
		{CDADB8E4-CFF2-4C09-B5E0-C6E031DD3037}.Ad-Hoc|ARM.Deploy.0 = Debug|ARM
		{CDADB8E4-CFF2-4C09-B5E0-C6E031DD3037}.Ad-Hoc|ARM64.ActiveCfg = Debug|ARM64
		{CDADB8E4-CFF2-4C09-B5E0-C6E031DD3037}.Ad-Hoc|ARM64.Build.0 = Debug|ARM64
		{CDADB8E4-CFF2-4C09-B5E0-C6E031DD3037}.Ad-Hoc|ARM64.Deploy.0 = Debug|ARM64
		{CDADB8E4-CFF2-4C09-B5E0-C6E031DD3037}.Ad-Hoc|iPhone.ActiveCfg = Debug|x64
		{CDADB8E4-CFF2-4C09-B5E0-C6E031DD3037}.Ad-Hoc|iPhone.Build.0 = Debug|x64
		{CDADB8E4-CFF2-4C09-B5E0-C6E031DD3037}.Ad-Hoc|iPhone.Deploy.0 = Debug|x64
		{CDADB8E4-CFF2-4C09-B5E0-C6E031DD3037}.Ad-Hoc|iPhoneSimulator.ActiveCfg = Debug|x64
		{CDADB8E4-CFF2-4C09-B5E0-C6E031DD3037}.Ad-Hoc|iPhoneSimulator.Build.0 = Debug|x64
		{CDADB8E4-CFF2-4C09-B5E0-C6E031DD3037}.Ad-Hoc|iPhoneSimulator.Deploy.0 = Debug|x64
		{CDADB8E4-CFF2-4C09-B5E0-C6E031DD3037}.Ad-Hoc|x64.ActiveCfg = Debug|x64
		{CDADB8E4-CFF2-4C09-B5E0-C6E031DD3037}.Ad-Hoc|x64.Build.0 = Debug|x64
		{CDADB8E4-CFF2-4C09-B5E0-C6E031DD3037}.Ad-Hoc|x64.Deploy.0 = Debug|x64
		{CDADB8E4-CFF2-4C09-B5E0-C6E031DD3037}.Ad-Hoc|x86.ActiveCfg = Debug|x86
		{CDADB8E4-CFF2-4C09-B5E0-C6E031DD3037}.Ad-Hoc|x86.Build.0 = Debug|x86
		{CDADB8E4-CFF2-4C09-B5E0-C6E031DD3037}.Ad-Hoc|x86.Deploy.0 = Debug|x86
		{CDADB8E4-CFF2-4C09-B5E0-C6E031DD3037}.AppStore|Any CPU.ActiveCfg = Debug|x64
		{CDADB8E4-CFF2-4C09-B5E0-C6E031DD3037}.AppStore|Any CPU.Build.0 = Debug|x64
		{CDADB8E4-CFF2-4C09-B5E0-C6E031DD3037}.AppStore|Any CPU.Deploy.0 = Debug|x64
		{CDADB8E4-CFF2-4C09-B5E0-C6E031DD3037}.AppStore|ARM.ActiveCfg = Debug|ARM
		{CDADB8E4-CFF2-4C09-B5E0-C6E031DD3037}.AppStore|ARM.Build.0 = Debug|ARM
		{CDADB8E4-CFF2-4C09-B5E0-C6E031DD3037}.AppStore|ARM.Deploy.0 = Debug|ARM
		{CDADB8E4-CFF2-4C09-B5E0-C6E031DD3037}.AppStore|ARM64.ActiveCfg = Debug|ARM64
		{CDADB8E4-CFF2-4C09-B5E0-C6E031DD3037}.AppStore|ARM64.Build.0 = Debug|ARM64
		{CDADB8E4-CFF2-4C09-B5E0-C6E031DD3037}.AppStore|ARM64.Deploy.0 = Debug|ARM64
		{CDADB8E4-CFF2-4C09-B5E0-C6E031DD3037}.AppStore|iPhone.ActiveCfg = Debug|x64
		{CDADB8E4-CFF2-4C09-B5E0-C6E031DD3037}.AppStore|iPhone.Build.0 = Debug|x64
		{CDADB8E4-CFF2-4C09-B5E0-C6E031DD3037}.AppStore|iPhone.Deploy.0 = Debug|x64
		{CDADB8E4-CFF2-4C09-B5E0-C6E031DD3037}.AppStore|iPhoneSimulator.ActiveCfg = Debug|x64
		{CDADB8E4-CFF2-4C09-B5E0-C6E031DD3037}.AppStore|iPhoneSimulator.Build.0 = Debug|x64
		{CDADB8E4-CFF2-4C09-B5E0-C6E031DD3037}.AppStore|iPhoneSimulator.Deploy.0 = Debug|x64
		{CDADB8E4-CFF2-4C09-B5E0-C6E031DD3037}.AppStore|x64.ActiveCfg = Debug|x64
		{CDADB8E4-CFF2-4C09-B5E0-C6E031DD3037}.AppStore|x64.Build.0 = Debug|x64
		{CDADB8E4-CFF2-4C09-B5E0-C6E031DD3037}.AppStore|x64.Deploy.0 = Debug|x64
		{CDADB8E4-CFF2-4C09-B5E0-C6E031DD3037}.AppStore|x86.ActiveCfg = Debug|x86
		{CDADB8E4-CFF2-4C09-B5E0-C6E031DD3037}.AppStore|x86.Build.0 = Debug|x86
		{CDADB8E4-CFF2-4C09-B5E0-C6E031DD3037}.AppStore|x86.Deploy.0 = Debug|x86
		{CDADB8E4-CFF2-4C09-B5E0-C6E031DD3037}.Debug|Any CPU.ActiveCfg = Debug|x64
		{CDADB8E4-CFF2-4C09-B5E0-C6E031DD3037}.Debug|Any CPU.Build.0 = Debug|x64
		{CDADB8E4-CFF2-4C09-B5E0-C6E031DD3037}.Debug|Any CPU.Deploy.0 = Debug|x64
		{CDADB8E4-CFF2-4C09-B5E0-C6E031DD3037}.Debug|ARM.ActiveCfg = Debug|ARM
		{CDADB8E4-CFF2-4C09-B5E0-C6E031DD3037}.Debug|ARM.Build.0 = Debug|ARM
		{CDADB8E4-CFF2-4C09-B5E0-C6E031DD3037}.Debug|ARM.Deploy.0 = Debug|ARM
		{CDADB8E4-CFF2-4C09-B5E0-C6E031DD3037}.Debug|ARM64.ActiveCfg = Debug|ARM64
		{CDADB8E4-CFF2-4C09-B5E0-C6E031DD3037}.Debug|ARM64.Build.0 = Debug|ARM64
		{CDADB8E4-CFF2-4C09-B5E0-C6E031DD3037}.Debug|ARM64.Deploy.0 = Debug|ARM64
		{CDADB8E4-CFF2-4C09-B5E0-C6E031DD3037}.Debug|iPhone.ActiveCfg = Debug|x64
		{CDADB8E4-CFF2-4C09-B5E0-C6E031DD3037}.Debug|iPhone.Build.0 = Debug|x64
		{CDADB8E4-CFF2-4C09-B5E0-C6E031DD3037}.Debug|iPhone.Deploy.0 = Debug|x64
		{CDADB8E4-CFF2-4C09-B5E0-C6E031DD3037}.Debug|iPhoneSimulator.ActiveCfg = Debug|x64
		{CDADB8E4-CFF2-4C09-B5E0-C6E031DD3037}.Debug|iPhoneSimulator.Build.0 = Debug|x64
		{CDADB8E4-CFF2-4C09-B5E0-C6E031DD3037}.Debug|iPhoneSimulator.Deploy.0 = Debug|x64
		{CDADB8E4-CFF2-4C09-B5E0-C6E031DD3037}.Debug|x64.ActiveCfg = Debug|x64
		{CDADB8E4-CFF2-4C09-B5E0-C6E031DD3037}.Debug|x64.Build.0 = Debug|x64
		{CDADB8E4-CFF2-4C09-B5E0-C6E031DD3037}.Debug|x64.Deploy.0 = Debug|x64
		{CDADB8E4-CFF2-4C09-B5E0-C6E031DD3037}.Debug|x86.ActiveCfg = Debug|x86
		{CDADB8E4-CFF2-4C09-B5E0-C6E031DD3037}.Debug|x86.Build.0 = Debug|x86
		{CDADB8E4-CFF2-4C09-B5E0-C6E031DD3037}.Debug|x86.Deploy.0 = Debug|x86
		{CDADB8E4-CFF2-4C09-B5E0-C6E031DD3037}.Release|Any CPU.ActiveCfg = Release|x64
		{CDADB8E4-CFF2-4C09-B5E0-C6E031DD3037}.Release|Any CPU.Build.0 = Release|x64
		{CDADB8E4-CFF2-4C09-B5E0-C6E031DD3037}.Release|Any CPU.Deploy.0 = Release|x64
		{CDADB8E4-CFF2-4C09-B5E0-C6E031DD3037}.Release|ARM.ActiveCfg = Release|ARM
		{CDADB8E4-CFF2-4C09-B5E0-C6E031DD3037}.Release|ARM.Build.0 = Release|ARM
		{CDADB8E4-CFF2-4C09-B5E0-C6E031DD3037}.Release|ARM.Deploy.0 = Release|ARM
		{CDADB8E4-CFF2-4C09-B5E0-C6E031DD3037}.Release|ARM64.ActiveCfg = Release|ARM64
		{CDADB8E4-CFF2-4C09-B5E0-C6E031DD3037}.Release|ARM64.Build.0 = Release|ARM64
		{CDADB8E4-CFF2-4C09-B5E0-C6E031DD3037}.Release|ARM64.Deploy.0 = Release|ARM64
		{CDADB8E4-CFF2-4C09-B5E0-C6E031DD3037}.Release|iPhone.ActiveCfg = Release|x64
		{CDADB8E4-CFF2-4C09-B5E0-C6E031DD3037}.Release|iPhone.Build.0 = Release|x64
		{CDADB8E4-CFF2-4C09-B5E0-C6E031DD3037}.Release|iPhone.Deploy.0 = Release|x64
		{CDADB8E4-CFF2-4C09-B5E0-C6E031DD3037}.Release|iPhoneSimulator.ActiveCfg = Release|x64
		{CDADB8E4-CFF2-4C09-B5E0-C6E031DD3037}.Release|iPhoneSimulator.Build.0 = Release|x64
		{CDADB8E4-CFF2-4C09-B5E0-C6E031DD3037}.Release|iPhoneSimulator.Deploy.0 = Release|x64
		{CDADB8E4-CFF2-4C09-B5E0-C6E031DD3037}.Release|x64.ActiveCfg = Release|x64
		{CDADB8E4-CFF2-4C09-B5E0-C6E031DD3037}.Release|x64.Build.0 = Release|x64
		{CDADB8E4-CFF2-4C09-B5E0-C6E031DD3037}.Release|x64.Deploy.0 = Release|x64
		{CDADB8E4-CFF2-4C09-B5E0-C6E031DD3037}.Release|x86.ActiveCfg = Release|x86
		{CDADB8E4-CFF2-4C09-B5E0-C6E031DD3037}.Release|x86.Build.0 = Release|x86
		{CDADB8E4-CFF2-4C09-B5E0-C6E031DD3037}.Release|x86.Deploy.0 = Release|x86
		{DB5CE65C-82B5-4975-9574-FA773D80EFED}.Ad-Hoc|Any CPU.ActiveCfg = Debug|Any CPU
		{DB5CE65C-82B5-4975-9574-FA773D80EFED}.Ad-Hoc|Any CPU.Build.0 = Debug|Any CPU
		{DB5CE65C-82B5-4975-9574-FA773D80EFED}.Ad-Hoc|ARM.ActiveCfg = Debug|Any CPU
		{DB5CE65C-82B5-4975-9574-FA773D80EFED}.Ad-Hoc|ARM.Build.0 = Debug|Any CPU
		{DB5CE65C-82B5-4975-9574-FA773D80EFED}.Ad-Hoc|ARM64.ActiveCfg = Debug|Any CPU
		{DB5CE65C-82B5-4975-9574-FA773D80EFED}.Ad-Hoc|ARM64.Build.0 = Debug|Any CPU
		{DB5CE65C-82B5-4975-9574-FA773D80EFED}.Ad-Hoc|iPhone.ActiveCfg = Debug|Any CPU
		{DB5CE65C-82B5-4975-9574-FA773D80EFED}.Ad-Hoc|iPhone.Build.0 = Debug|Any CPU
		{DB5CE65C-82B5-4975-9574-FA773D80EFED}.Ad-Hoc|iPhoneSimulator.ActiveCfg = Debug|Any CPU
		{DB5CE65C-82B5-4975-9574-FA773D80EFED}.Ad-Hoc|iPhoneSimulator.Build.0 = Debug|Any CPU
		{DB5CE65C-82B5-4975-9574-FA773D80EFED}.Ad-Hoc|x64.ActiveCfg = Debug|Any CPU
		{DB5CE65C-82B5-4975-9574-FA773D80EFED}.Ad-Hoc|x64.Build.0 = Debug|Any CPU
		{DB5CE65C-82B5-4975-9574-FA773D80EFED}.Ad-Hoc|x86.ActiveCfg = Debug|Any CPU
		{DB5CE65C-82B5-4975-9574-FA773D80EFED}.Ad-Hoc|x86.Build.0 = Debug|Any CPU
		{DB5CE65C-82B5-4975-9574-FA773D80EFED}.AppStore|Any CPU.ActiveCfg = Debug|Any CPU
		{DB5CE65C-82B5-4975-9574-FA773D80EFED}.AppStore|Any CPU.Build.0 = Debug|Any CPU
		{DB5CE65C-82B5-4975-9574-FA773D80EFED}.AppStore|ARM.ActiveCfg = Debug|Any CPU
		{DB5CE65C-82B5-4975-9574-FA773D80EFED}.AppStore|ARM.Build.0 = Debug|Any CPU
		{DB5CE65C-82B5-4975-9574-FA773D80EFED}.AppStore|ARM64.ActiveCfg = Debug|Any CPU
		{DB5CE65C-82B5-4975-9574-FA773D80EFED}.AppStore|ARM64.Build.0 = Debug|Any CPU
		{DB5CE65C-82B5-4975-9574-FA773D80EFED}.AppStore|iPhone.ActiveCfg = Debug|Any CPU
		{DB5CE65C-82B5-4975-9574-FA773D80EFED}.AppStore|iPhone.Build.0 = Debug|Any CPU
		{DB5CE65C-82B5-4975-9574-FA773D80EFED}.AppStore|iPhoneSimulator.ActiveCfg = Debug|Any CPU
		{DB5CE65C-82B5-4975-9574-FA773D80EFED}.AppStore|iPhoneSimulator.Build.0 = Debug|Any CPU
		{DB5CE65C-82B5-4975-9574-FA773D80EFED}.AppStore|x64.ActiveCfg = Debug|Any CPU
		{DB5CE65C-82B5-4975-9574-FA773D80EFED}.AppStore|x64.Build.0 = Debug|Any CPU
		{DB5CE65C-82B5-4975-9574-FA773D80EFED}.AppStore|x86.ActiveCfg = Debug|Any CPU
		{DB5CE65C-82B5-4975-9574-FA773D80EFED}.AppStore|x86.Build.0 = Debug|Any CPU
		{DB5CE65C-82B5-4975-9574-FA773D80EFED}.Debug|Any CPU.ActiveCfg = Debug|Any CPU
		{DB5CE65C-82B5-4975-9574-FA773D80EFED}.Debug|Any CPU.Build.0 = Debug|Any CPU
		{DB5CE65C-82B5-4975-9574-FA773D80EFED}.Debug|ARM.ActiveCfg = Debug|Any CPU
		{DB5CE65C-82B5-4975-9574-FA773D80EFED}.Debug|ARM.Build.0 = Debug|Any CPU
		{DB5CE65C-82B5-4975-9574-FA773D80EFED}.Debug|ARM64.ActiveCfg = Debug|Any CPU
		{DB5CE65C-82B5-4975-9574-FA773D80EFED}.Debug|ARM64.Build.0 = Debug|Any CPU
		{DB5CE65C-82B5-4975-9574-FA773D80EFED}.Debug|iPhone.ActiveCfg = Debug|Any CPU
		{DB5CE65C-82B5-4975-9574-FA773D80EFED}.Debug|iPhone.Build.0 = Debug|Any CPU
		{DB5CE65C-82B5-4975-9574-FA773D80EFED}.Debug|iPhoneSimulator.ActiveCfg = Debug|Any CPU
		{DB5CE65C-82B5-4975-9574-FA773D80EFED}.Debug|iPhoneSimulator.Build.0 = Debug|Any CPU
		{DB5CE65C-82B5-4975-9574-FA773D80EFED}.Debug|x64.ActiveCfg = Debug|Any CPU
		{DB5CE65C-82B5-4975-9574-FA773D80EFED}.Debug|x64.Build.0 = Debug|Any CPU
		{DB5CE65C-82B5-4975-9574-FA773D80EFED}.Debug|x86.ActiveCfg = Debug|Any CPU
		{DB5CE65C-82B5-4975-9574-FA773D80EFED}.Debug|x86.Build.0 = Debug|Any CPU
		{DB5CE65C-82B5-4975-9574-FA773D80EFED}.Release|Any CPU.ActiveCfg = Release|Any CPU
		{DB5CE65C-82B5-4975-9574-FA773D80EFED}.Release|Any CPU.Build.0 = Release|Any CPU
		{DB5CE65C-82B5-4975-9574-FA773D80EFED}.Release|ARM.ActiveCfg = Release|Any CPU
		{DB5CE65C-82B5-4975-9574-FA773D80EFED}.Release|ARM.Build.0 = Release|Any CPU
		{DB5CE65C-82B5-4975-9574-FA773D80EFED}.Release|ARM64.ActiveCfg = Release|Any CPU
		{DB5CE65C-82B5-4975-9574-FA773D80EFED}.Release|ARM64.Build.0 = Release|Any CPU
		{DB5CE65C-82B5-4975-9574-FA773D80EFED}.Release|iPhone.ActiveCfg = Release|Any CPU
		{DB5CE65C-82B5-4975-9574-FA773D80EFED}.Release|iPhone.Build.0 = Release|Any CPU
		{DB5CE65C-82B5-4975-9574-FA773D80EFED}.Release|iPhoneSimulator.ActiveCfg = Release|Any CPU
		{DB5CE65C-82B5-4975-9574-FA773D80EFED}.Release|iPhoneSimulator.Build.0 = Release|Any CPU
		{DB5CE65C-82B5-4975-9574-FA773D80EFED}.Release|x64.ActiveCfg = Release|Any CPU
		{DB5CE65C-82B5-4975-9574-FA773D80EFED}.Release|x64.Build.0 = Release|Any CPU
		{DB5CE65C-82B5-4975-9574-FA773D80EFED}.Release|x86.ActiveCfg = Release|Any CPU
		{DB5CE65C-82B5-4975-9574-FA773D80EFED}.Release|x86.Build.0 = Release|Any CPU
		{27FF17F3-89DB-4793-BCAF-DFF775CF0FC3}.Ad-Hoc|Any CPU.ActiveCfg = Debug|iPhoneSimulator
		{27FF17F3-89DB-4793-BCAF-DFF775CF0FC3}.Ad-Hoc|Any CPU.Build.0 = Debug|iPhoneSimulator
		{27FF17F3-89DB-4793-BCAF-DFF775CF0FC3}.Ad-Hoc|ARM.ActiveCfg = Debug|iPhoneSimulator
		{27FF17F3-89DB-4793-BCAF-DFF775CF0FC3}.Ad-Hoc|ARM.Build.0 = Debug|iPhoneSimulator
		{27FF17F3-89DB-4793-BCAF-DFF775CF0FC3}.Ad-Hoc|ARM64.ActiveCfg = Debug|iPhoneSimulator
		{27FF17F3-89DB-4793-BCAF-DFF775CF0FC3}.Ad-Hoc|ARM64.Build.0 = Debug|iPhoneSimulator
		{27FF17F3-89DB-4793-BCAF-DFF775CF0FC3}.Ad-Hoc|iPhone.ActiveCfg = Debug|iPhoneSimulator
		{27FF17F3-89DB-4793-BCAF-DFF775CF0FC3}.Ad-Hoc|iPhone.Build.0 = Debug|iPhoneSimulator
		{27FF17F3-89DB-4793-BCAF-DFF775CF0FC3}.Ad-Hoc|iPhoneSimulator.ActiveCfg = Debug|iPhoneSimulator
		{27FF17F3-89DB-4793-BCAF-DFF775CF0FC3}.Ad-Hoc|iPhoneSimulator.Build.0 = Debug|iPhoneSimulator
		{27FF17F3-89DB-4793-BCAF-DFF775CF0FC3}.Ad-Hoc|x64.ActiveCfg = Debug|iPhoneSimulator
		{27FF17F3-89DB-4793-BCAF-DFF775CF0FC3}.Ad-Hoc|x64.Build.0 = Debug|iPhoneSimulator
		{27FF17F3-89DB-4793-BCAF-DFF775CF0FC3}.Ad-Hoc|x86.ActiveCfg = Debug|iPhoneSimulator
		{27FF17F3-89DB-4793-BCAF-DFF775CF0FC3}.Ad-Hoc|x86.Build.0 = Debug|iPhoneSimulator
		{27FF17F3-89DB-4793-BCAF-DFF775CF0FC3}.AppStore|Any CPU.ActiveCfg = Debug|iPhoneSimulator
		{27FF17F3-89DB-4793-BCAF-DFF775CF0FC3}.AppStore|Any CPU.Build.0 = Debug|iPhoneSimulator
		{27FF17F3-89DB-4793-BCAF-DFF775CF0FC3}.AppStore|ARM.ActiveCfg = Debug|iPhoneSimulator
		{27FF17F3-89DB-4793-BCAF-DFF775CF0FC3}.AppStore|ARM.Build.0 = Debug|iPhoneSimulator
		{27FF17F3-89DB-4793-BCAF-DFF775CF0FC3}.AppStore|ARM64.ActiveCfg = Debug|iPhoneSimulator
		{27FF17F3-89DB-4793-BCAF-DFF775CF0FC3}.AppStore|ARM64.Build.0 = Debug|iPhoneSimulator
		{27FF17F3-89DB-4793-BCAF-DFF775CF0FC3}.AppStore|iPhone.ActiveCfg = Debug|iPhoneSimulator
		{27FF17F3-89DB-4793-BCAF-DFF775CF0FC3}.AppStore|iPhone.Build.0 = Debug|iPhoneSimulator
		{27FF17F3-89DB-4793-BCAF-DFF775CF0FC3}.AppStore|iPhoneSimulator.ActiveCfg = Debug|iPhoneSimulator
		{27FF17F3-89DB-4793-BCAF-DFF775CF0FC3}.AppStore|iPhoneSimulator.Build.0 = Debug|iPhoneSimulator
		{27FF17F3-89DB-4793-BCAF-DFF775CF0FC3}.AppStore|x64.ActiveCfg = Debug|iPhoneSimulator
		{27FF17F3-89DB-4793-BCAF-DFF775CF0FC3}.AppStore|x64.Build.0 = Debug|iPhoneSimulator
		{27FF17F3-89DB-4793-BCAF-DFF775CF0FC3}.AppStore|x86.ActiveCfg = Debug|iPhoneSimulator
		{27FF17F3-89DB-4793-BCAF-DFF775CF0FC3}.AppStore|x86.Build.0 = Debug|iPhoneSimulator
		{27FF17F3-89DB-4793-BCAF-DFF775CF0FC3}.Debug|Any CPU.ActiveCfg = Debug|iPhoneSimulator
		{27FF17F3-89DB-4793-BCAF-DFF775CF0FC3}.Debug|Any CPU.Build.0 = Debug|iPhoneSimulator
		{27FF17F3-89DB-4793-BCAF-DFF775CF0FC3}.Debug|ARM.ActiveCfg = Debug|iPhoneSimulator
		{27FF17F3-89DB-4793-BCAF-DFF775CF0FC3}.Debug|ARM.Build.0 = Debug|iPhoneSimulator
		{27FF17F3-89DB-4793-BCAF-DFF775CF0FC3}.Debug|ARM64.ActiveCfg = Debug|iPhoneSimulator
		{27FF17F3-89DB-4793-BCAF-DFF775CF0FC3}.Debug|ARM64.Build.0 = Debug|iPhoneSimulator
		{27FF17F3-89DB-4793-BCAF-DFF775CF0FC3}.Debug|iPhone.ActiveCfg = Debug|iPhoneSimulator
		{27FF17F3-89DB-4793-BCAF-DFF775CF0FC3}.Debug|iPhone.Build.0 = Debug|iPhoneSimulator
		{27FF17F3-89DB-4793-BCAF-DFF775CF0FC3}.Debug|iPhoneSimulator.ActiveCfg = Debug|iPhoneSimulator
		{27FF17F3-89DB-4793-BCAF-DFF775CF0FC3}.Debug|iPhoneSimulator.Build.0 = Debug|iPhoneSimulator
		{27FF17F3-89DB-4793-BCAF-DFF775CF0FC3}.Debug|x64.ActiveCfg = Debug|iPhoneSimulator
		{27FF17F3-89DB-4793-BCAF-DFF775CF0FC3}.Debug|x64.Build.0 = Debug|iPhoneSimulator
		{27FF17F3-89DB-4793-BCAF-DFF775CF0FC3}.Debug|x86.ActiveCfg = Debug|iPhoneSimulator
		{27FF17F3-89DB-4793-BCAF-DFF775CF0FC3}.Debug|x86.Build.0 = Debug|iPhoneSimulator
		{27FF17F3-89DB-4793-BCAF-DFF775CF0FC3}.Release|Any CPU.ActiveCfg = Release|iPhoneSimulator
		{27FF17F3-89DB-4793-BCAF-DFF775CF0FC3}.Release|Any CPU.Build.0 = Release|iPhoneSimulator
		{27FF17F3-89DB-4793-BCAF-DFF775CF0FC3}.Release|ARM.ActiveCfg = Release|iPhoneSimulator
		{27FF17F3-89DB-4793-BCAF-DFF775CF0FC3}.Release|ARM.Build.0 = Release|iPhoneSimulator
		{27FF17F3-89DB-4793-BCAF-DFF775CF0FC3}.Release|ARM64.ActiveCfg = Release|iPhoneSimulator
		{27FF17F3-89DB-4793-BCAF-DFF775CF0FC3}.Release|ARM64.Build.0 = Release|iPhoneSimulator
		{27FF17F3-89DB-4793-BCAF-DFF775CF0FC3}.Release|iPhone.ActiveCfg = Release|iPhoneSimulator
		{27FF17F3-89DB-4793-BCAF-DFF775CF0FC3}.Release|iPhone.Build.0 = Release|iPhoneSimulator
		{27FF17F3-89DB-4793-BCAF-DFF775CF0FC3}.Release|iPhoneSimulator.ActiveCfg = Release|iPhoneSimulator
		{27FF17F3-89DB-4793-BCAF-DFF775CF0FC3}.Release|iPhoneSimulator.Build.0 = Release|iPhoneSimulator
		{27FF17F3-89DB-4793-BCAF-DFF775CF0FC3}.Release|x64.ActiveCfg = Release|iPhoneSimulator
		{27FF17F3-89DB-4793-BCAF-DFF775CF0FC3}.Release|x64.Build.0 = Release|iPhoneSimulator
		{27FF17F3-89DB-4793-BCAF-DFF775CF0FC3}.Release|x86.ActiveCfg = Release|iPhoneSimulator
		{27FF17F3-89DB-4793-BCAF-DFF775CF0FC3}.Release|x86.Build.0 = Release|iPhoneSimulator
		{244F428D-9667-48B0-BC01-B73389BB8A34}.Ad-Hoc|Any CPU.ActiveCfg = Debug|Any CPU
		{244F428D-9667-48B0-BC01-B73389BB8A34}.Ad-Hoc|Any CPU.Build.0 = Debug|Any CPU
		{244F428D-9667-48B0-BC01-B73389BB8A34}.Ad-Hoc|ARM.ActiveCfg = Debug|Any CPU
		{244F428D-9667-48B0-BC01-B73389BB8A34}.Ad-Hoc|ARM.Build.0 = Debug|Any CPU
		{244F428D-9667-48B0-BC01-B73389BB8A34}.Ad-Hoc|ARM64.ActiveCfg = Debug|Any CPU
		{244F428D-9667-48B0-BC01-B73389BB8A34}.Ad-Hoc|ARM64.Build.0 = Debug|Any CPU
		{244F428D-9667-48B0-BC01-B73389BB8A34}.Ad-Hoc|iPhone.ActiveCfg = Debug|Any CPU
		{244F428D-9667-48B0-BC01-B73389BB8A34}.Ad-Hoc|iPhone.Build.0 = Debug|Any CPU
		{244F428D-9667-48B0-BC01-B73389BB8A34}.Ad-Hoc|iPhoneSimulator.ActiveCfg = Debug|Any CPU
		{244F428D-9667-48B0-BC01-B73389BB8A34}.Ad-Hoc|iPhoneSimulator.Build.0 = Debug|Any CPU
		{244F428D-9667-48B0-BC01-B73389BB8A34}.Ad-Hoc|x64.ActiveCfg = Debug|Any CPU
		{244F428D-9667-48B0-BC01-B73389BB8A34}.Ad-Hoc|x64.Build.0 = Debug|Any CPU
		{244F428D-9667-48B0-BC01-B73389BB8A34}.Ad-Hoc|x86.ActiveCfg = Debug|Any CPU
		{244F428D-9667-48B0-BC01-B73389BB8A34}.Ad-Hoc|x86.Build.0 = Debug|Any CPU
		{244F428D-9667-48B0-BC01-B73389BB8A34}.AppStore|Any CPU.ActiveCfg = Debug|Any CPU
		{244F428D-9667-48B0-BC01-B73389BB8A34}.AppStore|Any CPU.Build.0 = Debug|Any CPU
		{244F428D-9667-48B0-BC01-B73389BB8A34}.AppStore|ARM.ActiveCfg = Debug|Any CPU
		{244F428D-9667-48B0-BC01-B73389BB8A34}.AppStore|ARM.Build.0 = Debug|Any CPU
		{244F428D-9667-48B0-BC01-B73389BB8A34}.AppStore|ARM64.ActiveCfg = Debug|Any CPU
		{244F428D-9667-48B0-BC01-B73389BB8A34}.AppStore|ARM64.Build.0 = Debug|Any CPU
		{244F428D-9667-48B0-BC01-B73389BB8A34}.AppStore|iPhone.ActiveCfg = Debug|Any CPU
		{244F428D-9667-48B0-BC01-B73389BB8A34}.AppStore|iPhone.Build.0 = Debug|Any CPU
		{244F428D-9667-48B0-BC01-B73389BB8A34}.AppStore|iPhoneSimulator.ActiveCfg = Debug|Any CPU
		{244F428D-9667-48B0-BC01-B73389BB8A34}.AppStore|iPhoneSimulator.Build.0 = Debug|Any CPU
		{244F428D-9667-48B0-BC01-B73389BB8A34}.AppStore|x64.ActiveCfg = Debug|Any CPU
		{244F428D-9667-48B0-BC01-B73389BB8A34}.AppStore|x64.Build.0 = Debug|Any CPU
		{244F428D-9667-48B0-BC01-B73389BB8A34}.AppStore|x86.ActiveCfg = Debug|Any CPU
		{244F428D-9667-48B0-BC01-B73389BB8A34}.AppStore|x86.Build.0 = Debug|Any CPU
		{244F428D-9667-48B0-BC01-B73389BB8A34}.Debug|Any CPU.ActiveCfg = Debug|Any CPU
		{244F428D-9667-48B0-BC01-B73389BB8A34}.Debug|Any CPU.Build.0 = Debug|Any CPU
		{244F428D-9667-48B0-BC01-B73389BB8A34}.Debug|ARM.ActiveCfg = Debug|Any CPU
		{244F428D-9667-48B0-BC01-B73389BB8A34}.Debug|ARM.Build.0 = Debug|Any CPU
		{244F428D-9667-48B0-BC01-B73389BB8A34}.Debug|ARM64.ActiveCfg = Debug|Any CPU
		{244F428D-9667-48B0-BC01-B73389BB8A34}.Debug|ARM64.Build.0 = Debug|Any CPU
		{244F428D-9667-48B0-BC01-B73389BB8A34}.Debug|iPhone.ActiveCfg = Debug|Any CPU
		{244F428D-9667-48B0-BC01-B73389BB8A34}.Debug|iPhone.Build.0 = Debug|Any CPU
		{244F428D-9667-48B0-BC01-B73389BB8A34}.Debug|iPhoneSimulator.ActiveCfg = Debug|Any CPU
		{244F428D-9667-48B0-BC01-B73389BB8A34}.Debug|iPhoneSimulator.Build.0 = Debug|Any CPU
		{244F428D-9667-48B0-BC01-B73389BB8A34}.Debug|x64.ActiveCfg = Debug|Any CPU
		{244F428D-9667-48B0-BC01-B73389BB8A34}.Debug|x64.Build.0 = Debug|Any CPU
		{244F428D-9667-48B0-BC01-B73389BB8A34}.Debug|x86.ActiveCfg = Debug|Any CPU
		{244F428D-9667-48B0-BC01-B73389BB8A34}.Debug|x86.Build.0 = Debug|Any CPU
		{244F428D-9667-48B0-BC01-B73389BB8A34}.Release|Any CPU.ActiveCfg = Release|Any CPU
		{244F428D-9667-48B0-BC01-B73389BB8A34}.Release|Any CPU.Build.0 = Release|Any CPU
		{244F428D-9667-48B0-BC01-B73389BB8A34}.Release|ARM.ActiveCfg = Release|Any CPU
		{244F428D-9667-48B0-BC01-B73389BB8A34}.Release|ARM.Build.0 = Release|Any CPU
		{244F428D-9667-48B0-BC01-B73389BB8A34}.Release|ARM64.ActiveCfg = Release|Any CPU
		{244F428D-9667-48B0-BC01-B73389BB8A34}.Release|ARM64.Build.0 = Release|Any CPU
		{244F428D-9667-48B0-BC01-B73389BB8A34}.Release|iPhone.ActiveCfg = Release|Any CPU
		{244F428D-9667-48B0-BC01-B73389BB8A34}.Release|iPhone.Build.0 = Release|Any CPU
		{244F428D-9667-48B0-BC01-B73389BB8A34}.Release|iPhoneSimulator.ActiveCfg = Release|Any CPU
		{244F428D-9667-48B0-BC01-B73389BB8A34}.Release|iPhoneSimulator.Build.0 = Release|Any CPU
		{244F428D-9667-48B0-BC01-B73389BB8A34}.Release|x64.ActiveCfg = Release|Any CPU
		{244F428D-9667-48B0-BC01-B73389BB8A34}.Release|x64.Build.0 = Release|Any CPU
		{244F428D-9667-48B0-BC01-B73389BB8A34}.Release|x86.ActiveCfg = Release|Any CPU
		{244F428D-9667-48B0-BC01-B73389BB8A34}.Release|x86.Build.0 = Release|Any CPU
		{BD41E36C-2336-459D-9BD2-18BEFA68573E}.Ad-Hoc|Any CPU.ActiveCfg = Debug|Any CPU
		{BD41E36C-2336-459D-9BD2-18BEFA68573E}.Ad-Hoc|Any CPU.Build.0 = Debug|Any CPU
		{BD41E36C-2336-459D-9BD2-18BEFA68573E}.Ad-Hoc|ARM.ActiveCfg = Debug|Any CPU
		{BD41E36C-2336-459D-9BD2-18BEFA68573E}.Ad-Hoc|ARM.Build.0 = Debug|Any CPU
		{BD41E36C-2336-459D-9BD2-18BEFA68573E}.Ad-Hoc|ARM64.ActiveCfg = Debug|Any CPU
		{BD41E36C-2336-459D-9BD2-18BEFA68573E}.Ad-Hoc|ARM64.Build.0 = Debug|Any CPU
		{BD41E36C-2336-459D-9BD2-18BEFA68573E}.Ad-Hoc|iPhone.ActiveCfg = Debug|Any CPU
		{BD41E36C-2336-459D-9BD2-18BEFA68573E}.Ad-Hoc|iPhone.Build.0 = Debug|Any CPU
		{BD41E36C-2336-459D-9BD2-18BEFA68573E}.Ad-Hoc|iPhoneSimulator.ActiveCfg = Debug|Any CPU
		{BD41E36C-2336-459D-9BD2-18BEFA68573E}.Ad-Hoc|iPhoneSimulator.Build.0 = Debug|Any CPU
		{BD41E36C-2336-459D-9BD2-18BEFA68573E}.Ad-Hoc|x64.ActiveCfg = Debug|Any CPU
		{BD41E36C-2336-459D-9BD2-18BEFA68573E}.Ad-Hoc|x64.Build.0 = Debug|Any CPU
		{BD41E36C-2336-459D-9BD2-18BEFA68573E}.Ad-Hoc|x86.ActiveCfg = Debug|Any CPU
		{BD41E36C-2336-459D-9BD2-18BEFA68573E}.Ad-Hoc|x86.Build.0 = Debug|Any CPU
		{BD41E36C-2336-459D-9BD2-18BEFA68573E}.AppStore|Any CPU.ActiveCfg = Debug|Any CPU
		{BD41E36C-2336-459D-9BD2-18BEFA68573E}.AppStore|Any CPU.Build.0 = Debug|Any CPU
		{BD41E36C-2336-459D-9BD2-18BEFA68573E}.AppStore|ARM.ActiveCfg = Debug|Any CPU
		{BD41E36C-2336-459D-9BD2-18BEFA68573E}.AppStore|ARM.Build.0 = Debug|Any CPU
		{BD41E36C-2336-459D-9BD2-18BEFA68573E}.AppStore|ARM64.ActiveCfg = Debug|Any CPU
		{BD41E36C-2336-459D-9BD2-18BEFA68573E}.AppStore|ARM64.Build.0 = Debug|Any CPU
		{BD41E36C-2336-459D-9BD2-18BEFA68573E}.AppStore|iPhone.ActiveCfg = Debug|Any CPU
		{BD41E36C-2336-459D-9BD2-18BEFA68573E}.AppStore|iPhone.Build.0 = Debug|Any CPU
		{BD41E36C-2336-459D-9BD2-18BEFA68573E}.AppStore|iPhoneSimulator.ActiveCfg = Debug|Any CPU
		{BD41E36C-2336-459D-9BD2-18BEFA68573E}.AppStore|iPhoneSimulator.Build.0 = Debug|Any CPU
		{BD41E36C-2336-459D-9BD2-18BEFA68573E}.AppStore|x64.ActiveCfg = Debug|Any CPU
		{BD41E36C-2336-459D-9BD2-18BEFA68573E}.AppStore|x64.Build.0 = Debug|Any CPU
		{BD41E36C-2336-459D-9BD2-18BEFA68573E}.AppStore|x86.ActiveCfg = Debug|Any CPU
		{BD41E36C-2336-459D-9BD2-18BEFA68573E}.AppStore|x86.Build.0 = Debug|Any CPU
		{BD41E36C-2336-459D-9BD2-18BEFA68573E}.Debug|Any CPU.ActiveCfg = Debug|Any CPU
		{BD41E36C-2336-459D-9BD2-18BEFA68573E}.Debug|Any CPU.Build.0 = Debug|Any CPU
		{BD41E36C-2336-459D-9BD2-18BEFA68573E}.Debug|ARM.ActiveCfg = Debug|Any CPU
		{BD41E36C-2336-459D-9BD2-18BEFA68573E}.Debug|ARM.Build.0 = Debug|Any CPU
		{BD41E36C-2336-459D-9BD2-18BEFA68573E}.Debug|ARM64.ActiveCfg = Debug|Any CPU
		{BD41E36C-2336-459D-9BD2-18BEFA68573E}.Debug|ARM64.Build.0 = Debug|Any CPU
		{BD41E36C-2336-459D-9BD2-18BEFA68573E}.Debug|iPhone.ActiveCfg = Debug|Any CPU
		{BD41E36C-2336-459D-9BD2-18BEFA68573E}.Debug|iPhone.Build.0 = Debug|Any CPU
		{BD41E36C-2336-459D-9BD2-18BEFA68573E}.Debug|iPhoneSimulator.ActiveCfg = Debug|Any CPU
		{BD41E36C-2336-459D-9BD2-18BEFA68573E}.Debug|iPhoneSimulator.Build.0 = Debug|Any CPU
		{BD41E36C-2336-459D-9BD2-18BEFA68573E}.Debug|x64.ActiveCfg = Debug|Any CPU
		{BD41E36C-2336-459D-9BD2-18BEFA68573E}.Debug|x64.Build.0 = Debug|Any CPU
		{BD41E36C-2336-459D-9BD2-18BEFA68573E}.Debug|x86.ActiveCfg = Debug|Any CPU
		{BD41E36C-2336-459D-9BD2-18BEFA68573E}.Debug|x86.Build.0 = Debug|Any CPU
		{BD41E36C-2336-459D-9BD2-18BEFA68573E}.Release|Any CPU.ActiveCfg = Release|Any CPU
		{BD41E36C-2336-459D-9BD2-18BEFA68573E}.Release|Any CPU.Build.0 = Release|Any CPU
		{BD41E36C-2336-459D-9BD2-18BEFA68573E}.Release|ARM.ActiveCfg = Release|Any CPU
		{BD41E36C-2336-459D-9BD2-18BEFA68573E}.Release|ARM.Build.0 = Release|Any CPU
		{BD41E36C-2336-459D-9BD2-18BEFA68573E}.Release|ARM64.ActiveCfg = Release|Any CPU
		{BD41E36C-2336-459D-9BD2-18BEFA68573E}.Release|ARM64.Build.0 = Release|Any CPU
		{BD41E36C-2336-459D-9BD2-18BEFA68573E}.Release|iPhone.ActiveCfg = Release|Any CPU
		{BD41E36C-2336-459D-9BD2-18BEFA68573E}.Release|iPhone.Build.0 = Release|Any CPU
		{BD41E36C-2336-459D-9BD2-18BEFA68573E}.Release|iPhoneSimulator.ActiveCfg = Release|Any CPU
		{BD41E36C-2336-459D-9BD2-18BEFA68573E}.Release|iPhoneSimulator.Build.0 = Release|Any CPU
		{BD41E36C-2336-459D-9BD2-18BEFA68573E}.Release|x64.ActiveCfg = Release|Any CPU
		{BD41E36C-2336-459D-9BD2-18BEFA68573E}.Release|x64.Build.0 = Release|Any CPU
		{BD41E36C-2336-459D-9BD2-18BEFA68573E}.Release|x86.ActiveCfg = Release|Any CPU
		{BD41E36C-2336-459D-9BD2-18BEFA68573E}.Release|x86.Build.0 = Release|Any CPU
		{3CC239D7-6751-4C41-9827-6B7AE062192D}.Ad-Hoc|Any CPU.ActiveCfg = Debug|Any CPU
		{3CC239D7-6751-4C41-9827-6B7AE062192D}.Ad-Hoc|Any CPU.Build.0 = Debug|Any CPU
		{3CC239D7-6751-4C41-9827-6B7AE062192D}.Ad-Hoc|ARM.ActiveCfg = Debug|Any CPU
		{3CC239D7-6751-4C41-9827-6B7AE062192D}.Ad-Hoc|ARM.Build.0 = Debug|Any CPU
		{3CC239D7-6751-4C41-9827-6B7AE062192D}.Ad-Hoc|ARM64.ActiveCfg = Debug|Any CPU
		{3CC239D7-6751-4C41-9827-6B7AE062192D}.Ad-Hoc|ARM64.Build.0 = Debug|Any CPU
		{3CC239D7-6751-4C41-9827-6B7AE062192D}.Ad-Hoc|iPhone.ActiveCfg = Debug|Any CPU
		{3CC239D7-6751-4C41-9827-6B7AE062192D}.Ad-Hoc|iPhone.Build.0 = Debug|Any CPU
		{3CC239D7-6751-4C41-9827-6B7AE062192D}.Ad-Hoc|iPhoneSimulator.ActiveCfg = Debug|Any CPU
		{3CC239D7-6751-4C41-9827-6B7AE062192D}.Ad-Hoc|iPhoneSimulator.Build.0 = Debug|Any CPU
		{3CC239D7-6751-4C41-9827-6B7AE062192D}.Ad-Hoc|x64.ActiveCfg = Debug|Any CPU
		{3CC239D7-6751-4C41-9827-6B7AE062192D}.Ad-Hoc|x64.Build.0 = Debug|Any CPU
		{3CC239D7-6751-4C41-9827-6B7AE062192D}.Ad-Hoc|x86.ActiveCfg = Debug|Any CPU
		{3CC239D7-6751-4C41-9827-6B7AE062192D}.Ad-Hoc|x86.Build.0 = Debug|Any CPU
		{3CC239D7-6751-4C41-9827-6B7AE062192D}.AppStore|Any CPU.ActiveCfg = Debug|Any CPU
		{3CC239D7-6751-4C41-9827-6B7AE062192D}.AppStore|Any CPU.Build.0 = Debug|Any CPU
		{3CC239D7-6751-4C41-9827-6B7AE062192D}.AppStore|ARM.ActiveCfg = Debug|Any CPU
		{3CC239D7-6751-4C41-9827-6B7AE062192D}.AppStore|ARM.Build.0 = Debug|Any CPU
		{3CC239D7-6751-4C41-9827-6B7AE062192D}.AppStore|ARM64.ActiveCfg = Debug|Any CPU
		{3CC239D7-6751-4C41-9827-6B7AE062192D}.AppStore|ARM64.Build.0 = Debug|Any CPU
		{3CC239D7-6751-4C41-9827-6B7AE062192D}.AppStore|iPhone.ActiveCfg = Debug|Any CPU
		{3CC239D7-6751-4C41-9827-6B7AE062192D}.AppStore|iPhone.Build.0 = Debug|Any CPU
		{3CC239D7-6751-4C41-9827-6B7AE062192D}.AppStore|iPhoneSimulator.ActiveCfg = Debug|Any CPU
		{3CC239D7-6751-4C41-9827-6B7AE062192D}.AppStore|iPhoneSimulator.Build.0 = Debug|Any CPU
		{3CC239D7-6751-4C41-9827-6B7AE062192D}.AppStore|x64.ActiveCfg = Debug|Any CPU
		{3CC239D7-6751-4C41-9827-6B7AE062192D}.AppStore|x64.Build.0 = Debug|Any CPU
		{3CC239D7-6751-4C41-9827-6B7AE062192D}.AppStore|x86.ActiveCfg = Debug|Any CPU
		{3CC239D7-6751-4C41-9827-6B7AE062192D}.AppStore|x86.Build.0 = Debug|Any CPU
		{3CC239D7-6751-4C41-9827-6B7AE062192D}.Debug|Any CPU.ActiveCfg = Debug|Any CPU
		{3CC239D7-6751-4C41-9827-6B7AE062192D}.Debug|Any CPU.Build.0 = Debug|Any CPU
		{3CC239D7-6751-4C41-9827-6B7AE062192D}.Debug|ARM.ActiveCfg = Debug|Any CPU
		{3CC239D7-6751-4C41-9827-6B7AE062192D}.Debug|ARM.Build.0 = Debug|Any CPU
		{3CC239D7-6751-4C41-9827-6B7AE062192D}.Debug|ARM64.ActiveCfg = Debug|Any CPU
		{3CC239D7-6751-4C41-9827-6B7AE062192D}.Debug|ARM64.Build.0 = Debug|Any CPU
		{3CC239D7-6751-4C41-9827-6B7AE062192D}.Debug|iPhone.ActiveCfg = Debug|Any CPU
		{3CC239D7-6751-4C41-9827-6B7AE062192D}.Debug|iPhone.Build.0 = Debug|Any CPU
		{3CC239D7-6751-4C41-9827-6B7AE062192D}.Debug|iPhoneSimulator.ActiveCfg = Debug|Any CPU
		{3CC239D7-6751-4C41-9827-6B7AE062192D}.Debug|iPhoneSimulator.Build.0 = Debug|Any CPU
		{3CC239D7-6751-4C41-9827-6B7AE062192D}.Debug|x64.ActiveCfg = Debug|Any CPU
		{3CC239D7-6751-4C41-9827-6B7AE062192D}.Debug|x64.Build.0 = Debug|Any CPU
		{3CC239D7-6751-4C41-9827-6B7AE062192D}.Debug|x86.ActiveCfg = Debug|Any CPU
		{3CC239D7-6751-4C41-9827-6B7AE062192D}.Debug|x86.Build.0 = Debug|Any CPU
		{3CC239D7-6751-4C41-9827-6B7AE062192D}.Release|Any CPU.ActiveCfg = Release|Any CPU
		{3CC239D7-6751-4C41-9827-6B7AE062192D}.Release|Any CPU.Build.0 = Release|Any CPU
		{3CC239D7-6751-4C41-9827-6B7AE062192D}.Release|ARM.ActiveCfg = Release|Any CPU
		{3CC239D7-6751-4C41-9827-6B7AE062192D}.Release|ARM.Build.0 = Release|Any CPU
		{3CC239D7-6751-4C41-9827-6B7AE062192D}.Release|ARM64.ActiveCfg = Release|Any CPU
		{3CC239D7-6751-4C41-9827-6B7AE062192D}.Release|ARM64.Build.0 = Release|Any CPU
		{3CC239D7-6751-4C41-9827-6B7AE062192D}.Release|iPhone.ActiveCfg = Release|Any CPU
		{3CC239D7-6751-4C41-9827-6B7AE062192D}.Release|iPhone.Build.0 = Release|Any CPU
		{3CC239D7-6751-4C41-9827-6B7AE062192D}.Release|iPhoneSimulator.ActiveCfg = Release|Any CPU
		{3CC239D7-6751-4C41-9827-6B7AE062192D}.Release|iPhoneSimulator.Build.0 = Release|Any CPU
		{3CC239D7-6751-4C41-9827-6B7AE062192D}.Release|x64.ActiveCfg = Release|Any CPU
		{3CC239D7-6751-4C41-9827-6B7AE062192D}.Release|x64.Build.0 = Release|Any CPU
		{3CC239D7-6751-4C41-9827-6B7AE062192D}.Release|x86.ActiveCfg = Release|Any CPU
		{3CC239D7-6751-4C41-9827-6B7AE062192D}.Release|x86.Build.0 = Release|Any CPU
		{A1BBD4D5-AFE1-499B-8A12-37FFFD59DFD7}.Ad-Hoc|Any CPU.ActiveCfg = Debug|Any CPU
		{A1BBD4D5-AFE1-499B-8A12-37FFFD59DFD7}.Ad-Hoc|Any CPU.Build.0 = Debug|Any CPU
		{A1BBD4D5-AFE1-499B-8A12-37FFFD59DFD7}.Ad-Hoc|ARM.ActiveCfg = Debug|Any CPU
		{A1BBD4D5-AFE1-499B-8A12-37FFFD59DFD7}.Ad-Hoc|ARM.Build.0 = Debug|Any CPU
		{A1BBD4D5-AFE1-499B-8A12-37FFFD59DFD7}.Ad-Hoc|ARM64.ActiveCfg = Debug|Any CPU
		{A1BBD4D5-AFE1-499B-8A12-37FFFD59DFD7}.Ad-Hoc|ARM64.Build.0 = Debug|Any CPU
		{A1BBD4D5-AFE1-499B-8A12-37FFFD59DFD7}.Ad-Hoc|iPhone.ActiveCfg = Debug|Any CPU
		{A1BBD4D5-AFE1-499B-8A12-37FFFD59DFD7}.Ad-Hoc|iPhone.Build.0 = Debug|Any CPU
		{A1BBD4D5-AFE1-499B-8A12-37FFFD59DFD7}.Ad-Hoc|iPhoneSimulator.ActiveCfg = Debug|Any CPU
		{A1BBD4D5-AFE1-499B-8A12-37FFFD59DFD7}.Ad-Hoc|iPhoneSimulator.Build.0 = Debug|Any CPU
		{A1BBD4D5-AFE1-499B-8A12-37FFFD59DFD7}.Ad-Hoc|x64.ActiveCfg = Debug|Any CPU
		{A1BBD4D5-AFE1-499B-8A12-37FFFD59DFD7}.Ad-Hoc|x64.Build.0 = Debug|Any CPU
		{A1BBD4D5-AFE1-499B-8A12-37FFFD59DFD7}.Ad-Hoc|x86.ActiveCfg = Debug|Any CPU
		{A1BBD4D5-AFE1-499B-8A12-37FFFD59DFD7}.Ad-Hoc|x86.Build.0 = Debug|Any CPU
		{A1BBD4D5-AFE1-499B-8A12-37FFFD59DFD7}.AppStore|Any CPU.ActiveCfg = Debug|Any CPU
		{A1BBD4D5-AFE1-499B-8A12-37FFFD59DFD7}.AppStore|Any CPU.Build.0 = Debug|Any CPU
		{A1BBD4D5-AFE1-499B-8A12-37FFFD59DFD7}.AppStore|ARM.ActiveCfg = Debug|Any CPU
		{A1BBD4D5-AFE1-499B-8A12-37FFFD59DFD7}.AppStore|ARM.Build.0 = Debug|Any CPU
		{A1BBD4D5-AFE1-499B-8A12-37FFFD59DFD7}.AppStore|ARM64.ActiveCfg = Debug|Any CPU
		{A1BBD4D5-AFE1-499B-8A12-37FFFD59DFD7}.AppStore|ARM64.Build.0 = Debug|Any CPU
		{A1BBD4D5-AFE1-499B-8A12-37FFFD59DFD7}.AppStore|iPhone.ActiveCfg = Debug|Any CPU
		{A1BBD4D5-AFE1-499B-8A12-37FFFD59DFD7}.AppStore|iPhone.Build.0 = Debug|Any CPU
		{A1BBD4D5-AFE1-499B-8A12-37FFFD59DFD7}.AppStore|iPhoneSimulator.ActiveCfg = Debug|Any CPU
		{A1BBD4D5-AFE1-499B-8A12-37FFFD59DFD7}.AppStore|iPhoneSimulator.Build.0 = Debug|Any CPU
		{A1BBD4D5-AFE1-499B-8A12-37FFFD59DFD7}.AppStore|x64.ActiveCfg = Debug|Any CPU
		{A1BBD4D5-AFE1-499B-8A12-37FFFD59DFD7}.AppStore|x64.Build.0 = Debug|Any CPU
		{A1BBD4D5-AFE1-499B-8A12-37FFFD59DFD7}.AppStore|x86.ActiveCfg = Debug|Any CPU
		{A1BBD4D5-AFE1-499B-8A12-37FFFD59DFD7}.AppStore|x86.Build.0 = Debug|Any CPU
		{A1BBD4D5-AFE1-499B-8A12-37FFFD59DFD7}.Debug|Any CPU.ActiveCfg = Debug|Any CPU
		{A1BBD4D5-AFE1-499B-8A12-37FFFD59DFD7}.Debug|Any CPU.Build.0 = Debug|Any CPU
		{A1BBD4D5-AFE1-499B-8A12-37FFFD59DFD7}.Debug|ARM.ActiveCfg = Debug|Any CPU
		{A1BBD4D5-AFE1-499B-8A12-37FFFD59DFD7}.Debug|ARM.Build.0 = Debug|Any CPU
		{A1BBD4D5-AFE1-499B-8A12-37FFFD59DFD7}.Debug|ARM64.ActiveCfg = Debug|Any CPU
		{A1BBD4D5-AFE1-499B-8A12-37FFFD59DFD7}.Debug|ARM64.Build.0 = Debug|Any CPU
		{A1BBD4D5-AFE1-499B-8A12-37FFFD59DFD7}.Debug|iPhone.ActiveCfg = Debug|Any CPU
		{A1BBD4D5-AFE1-499B-8A12-37FFFD59DFD7}.Debug|iPhone.Build.0 = Debug|Any CPU
		{A1BBD4D5-AFE1-499B-8A12-37FFFD59DFD7}.Debug|iPhoneSimulator.ActiveCfg = Debug|Any CPU
		{A1BBD4D5-AFE1-499B-8A12-37FFFD59DFD7}.Debug|iPhoneSimulator.Build.0 = Debug|Any CPU
		{A1BBD4D5-AFE1-499B-8A12-37FFFD59DFD7}.Debug|x64.ActiveCfg = Debug|Any CPU
		{A1BBD4D5-AFE1-499B-8A12-37FFFD59DFD7}.Debug|x64.Build.0 = Debug|Any CPU
		{A1BBD4D5-AFE1-499B-8A12-37FFFD59DFD7}.Debug|x86.ActiveCfg = Debug|Any CPU
		{A1BBD4D5-AFE1-499B-8A12-37FFFD59DFD7}.Debug|x86.Build.0 = Debug|Any CPU
		{A1BBD4D5-AFE1-499B-8A12-37FFFD59DFD7}.Release|Any CPU.ActiveCfg = Release|Any CPU
		{A1BBD4D5-AFE1-499B-8A12-37FFFD59DFD7}.Release|Any CPU.Build.0 = Release|Any CPU
		{A1BBD4D5-AFE1-499B-8A12-37FFFD59DFD7}.Release|ARM.ActiveCfg = Release|Any CPU
		{A1BBD4D5-AFE1-499B-8A12-37FFFD59DFD7}.Release|ARM.Build.0 = Release|Any CPU
		{A1BBD4D5-AFE1-499B-8A12-37FFFD59DFD7}.Release|ARM64.ActiveCfg = Release|Any CPU
		{A1BBD4D5-AFE1-499B-8A12-37FFFD59DFD7}.Release|ARM64.Build.0 = Release|Any CPU
		{A1BBD4D5-AFE1-499B-8A12-37FFFD59DFD7}.Release|iPhone.ActiveCfg = Release|Any CPU
		{A1BBD4D5-AFE1-499B-8A12-37FFFD59DFD7}.Release|iPhone.Build.0 = Release|Any CPU
		{A1BBD4D5-AFE1-499B-8A12-37FFFD59DFD7}.Release|iPhoneSimulator.ActiveCfg = Release|Any CPU
		{A1BBD4D5-AFE1-499B-8A12-37FFFD59DFD7}.Release|iPhoneSimulator.Build.0 = Release|Any CPU
		{A1BBD4D5-AFE1-499B-8A12-37FFFD59DFD7}.Release|x64.ActiveCfg = Release|Any CPU
		{A1BBD4D5-AFE1-499B-8A12-37FFFD59DFD7}.Release|x64.Build.0 = Release|Any CPU
		{A1BBD4D5-AFE1-499B-8A12-37FFFD59DFD7}.Release|x86.ActiveCfg = Release|Any CPU
		{A1BBD4D5-AFE1-499B-8A12-37FFFD59DFD7}.Release|x86.Build.0 = Release|Any CPU
		{CA263D4F-B4DF-4C7E-B79F-6741E1AF306B}.Ad-Hoc|Any CPU.ActiveCfg = Debug|Any CPU
		{CA263D4F-B4DF-4C7E-B79F-6741E1AF306B}.Ad-Hoc|Any CPU.Build.0 = Debug|Any CPU
		{CA263D4F-B4DF-4C7E-B79F-6741E1AF306B}.Ad-Hoc|ARM.ActiveCfg = Debug|Any CPU
		{CA263D4F-B4DF-4C7E-B79F-6741E1AF306B}.Ad-Hoc|ARM.Build.0 = Debug|Any CPU
		{CA263D4F-B4DF-4C7E-B79F-6741E1AF306B}.Ad-Hoc|ARM64.ActiveCfg = Debug|Any CPU
		{CA263D4F-B4DF-4C7E-B79F-6741E1AF306B}.Ad-Hoc|ARM64.Build.0 = Debug|Any CPU
		{CA263D4F-B4DF-4C7E-B79F-6741E1AF306B}.Ad-Hoc|iPhone.ActiveCfg = Debug|Any CPU
		{CA263D4F-B4DF-4C7E-B79F-6741E1AF306B}.Ad-Hoc|iPhone.Build.0 = Debug|Any CPU
		{CA263D4F-B4DF-4C7E-B79F-6741E1AF306B}.Ad-Hoc|iPhoneSimulator.ActiveCfg = Debug|Any CPU
		{CA263D4F-B4DF-4C7E-B79F-6741E1AF306B}.Ad-Hoc|iPhoneSimulator.Build.0 = Debug|Any CPU
		{CA263D4F-B4DF-4C7E-B79F-6741E1AF306B}.Ad-Hoc|x64.ActiveCfg = Debug|x64
		{CA263D4F-B4DF-4C7E-B79F-6741E1AF306B}.Ad-Hoc|x64.Build.0 = Debug|x64
		{CA263D4F-B4DF-4C7E-B79F-6741E1AF306B}.Ad-Hoc|x86.ActiveCfg = Debug|Any CPU
		{CA263D4F-B4DF-4C7E-B79F-6741E1AF306B}.Ad-Hoc|x86.Build.0 = Debug|Any CPU
		{CA263D4F-B4DF-4C7E-B79F-6741E1AF306B}.AppStore|Any CPU.ActiveCfg = Debug|Any CPU
		{CA263D4F-B4DF-4C7E-B79F-6741E1AF306B}.AppStore|Any CPU.Build.0 = Debug|Any CPU
		{CA263D4F-B4DF-4C7E-B79F-6741E1AF306B}.AppStore|ARM.ActiveCfg = Debug|Any CPU
		{CA263D4F-B4DF-4C7E-B79F-6741E1AF306B}.AppStore|ARM.Build.0 = Debug|Any CPU
		{CA263D4F-B4DF-4C7E-B79F-6741E1AF306B}.AppStore|ARM64.ActiveCfg = Debug|Any CPU
		{CA263D4F-B4DF-4C7E-B79F-6741E1AF306B}.AppStore|ARM64.Build.0 = Debug|Any CPU
		{CA263D4F-B4DF-4C7E-B79F-6741E1AF306B}.AppStore|iPhone.ActiveCfg = Debug|Any CPU
		{CA263D4F-B4DF-4C7E-B79F-6741E1AF306B}.AppStore|iPhone.Build.0 = Debug|Any CPU
		{CA263D4F-B4DF-4C7E-B79F-6741E1AF306B}.AppStore|iPhoneSimulator.ActiveCfg = Debug|Any CPU
		{CA263D4F-B4DF-4C7E-B79F-6741E1AF306B}.AppStore|iPhoneSimulator.Build.0 = Debug|Any CPU
		{CA263D4F-B4DF-4C7E-B79F-6741E1AF306B}.AppStore|x64.ActiveCfg = Debug|x64
		{CA263D4F-B4DF-4C7E-B79F-6741E1AF306B}.AppStore|x64.Build.0 = Debug|x64
		{CA263D4F-B4DF-4C7E-B79F-6741E1AF306B}.AppStore|x86.ActiveCfg = Debug|Any CPU
		{CA263D4F-B4DF-4C7E-B79F-6741E1AF306B}.AppStore|x86.Build.0 = Debug|Any CPU
		{CA263D4F-B4DF-4C7E-B79F-6741E1AF306B}.Debug|Any CPU.ActiveCfg = Debug|Any CPU
		{CA263D4F-B4DF-4C7E-B79F-6741E1AF306B}.Debug|Any CPU.Build.0 = Debug|Any CPU
		{CA263D4F-B4DF-4C7E-B79F-6741E1AF306B}.Debug|ARM.ActiveCfg = Debug|Any CPU
		{CA263D4F-B4DF-4C7E-B79F-6741E1AF306B}.Debug|ARM.Build.0 = Debug|Any CPU
		{CA263D4F-B4DF-4C7E-B79F-6741E1AF306B}.Debug|ARM64.ActiveCfg = Debug|Any CPU
		{CA263D4F-B4DF-4C7E-B79F-6741E1AF306B}.Debug|ARM64.Build.0 = Debug|Any CPU
		{CA263D4F-B4DF-4C7E-B79F-6741E1AF306B}.Debug|iPhone.ActiveCfg = Debug|Any CPU
		{CA263D4F-B4DF-4C7E-B79F-6741E1AF306B}.Debug|iPhone.Build.0 = Debug|Any CPU
		{CA263D4F-B4DF-4C7E-B79F-6741E1AF306B}.Debug|iPhoneSimulator.ActiveCfg = Debug|Any CPU
		{CA263D4F-B4DF-4C7E-B79F-6741E1AF306B}.Debug|iPhoneSimulator.Build.0 = Debug|Any CPU
		{CA263D4F-B4DF-4C7E-B79F-6741E1AF306B}.Debug|x64.ActiveCfg = Debug|x64
		{CA263D4F-B4DF-4C7E-B79F-6741E1AF306B}.Debug|x64.Build.0 = Debug|x64
		{CA263D4F-B4DF-4C7E-B79F-6741E1AF306B}.Debug|x86.ActiveCfg = Debug|Any CPU
		{CA263D4F-B4DF-4C7E-B79F-6741E1AF306B}.Debug|x86.Build.0 = Debug|Any CPU
		{CA263D4F-B4DF-4C7E-B79F-6741E1AF306B}.Release|Any CPU.ActiveCfg = Release|Any CPU
		{CA263D4F-B4DF-4C7E-B79F-6741E1AF306B}.Release|Any CPU.Build.0 = Release|Any CPU
		{CA263D4F-B4DF-4C7E-B79F-6741E1AF306B}.Release|ARM.ActiveCfg = Release|Any CPU
		{CA263D4F-B4DF-4C7E-B79F-6741E1AF306B}.Release|ARM.Build.0 = Release|Any CPU
		{CA263D4F-B4DF-4C7E-B79F-6741E1AF306B}.Release|ARM64.ActiveCfg = Release|Any CPU
		{CA263D4F-B4DF-4C7E-B79F-6741E1AF306B}.Release|ARM64.Build.0 = Release|Any CPU
		{CA263D4F-B4DF-4C7E-B79F-6741E1AF306B}.Release|iPhone.ActiveCfg = Release|Any CPU
		{CA263D4F-B4DF-4C7E-B79F-6741E1AF306B}.Release|iPhone.Build.0 = Release|Any CPU
		{CA263D4F-B4DF-4C7E-B79F-6741E1AF306B}.Release|iPhoneSimulator.ActiveCfg = Release|Any CPU
		{CA263D4F-B4DF-4C7E-B79F-6741E1AF306B}.Release|iPhoneSimulator.Build.0 = Release|Any CPU
		{CA263D4F-B4DF-4C7E-B79F-6741E1AF306B}.Release|x64.ActiveCfg = Release|x64
		{CA263D4F-B4DF-4C7E-B79F-6741E1AF306B}.Release|x64.Build.0 = Release|x64
		{CA263D4F-B4DF-4C7E-B79F-6741E1AF306B}.Release|x86.ActiveCfg = Release|Any CPU
		{CA263D4F-B4DF-4C7E-B79F-6741E1AF306B}.Release|x86.Build.0 = Release|Any CPU
	EndGlobalSection
	GlobalSection(SolutionProperties) = preSolution
		HideSolutionNode = FALSE
	EndGlobalSection
	GlobalSection(NestedProjects) = preSolution
		{E3416582-3974-4C3C-814B-56B4DBB83670} = {CF0157DD-6FEA-4C0E-93A0-E59EFFC92B0F}
		{43DA40AC-0B4E-4E3F-8B27-0027DCD26658} = {CF0157DD-6FEA-4C0E-93A0-E59EFFC92B0F}
		{CDADB8E4-CFF2-4C09-B5E0-C6E031DD3037} = {CF0157DD-6FEA-4C0E-93A0-E59EFFC92B0F}
		{DB5CE65C-82B5-4975-9574-FA773D80EFED} = {CF0157DD-6FEA-4C0E-93A0-E59EFFC92B0F}
		{27FF17F3-89DB-4793-BCAF-DFF775CF0FC3} = {CF0157DD-6FEA-4C0E-93A0-E59EFFC92B0F}
		{244F428D-9667-48B0-BC01-B73389BB8A34} = {CF0157DD-6FEA-4C0E-93A0-E59EFFC92B0F}
		{BD41E36C-2336-459D-9BD2-18BEFA68573E} = {CF0157DD-6FEA-4C0E-93A0-E59EFFC92B0F}
		{3CC239D7-6751-4C41-9827-6B7AE062192D} = {CF0157DD-6FEA-4C0E-93A0-E59EFFC92B0F}
		{A1BBD4D5-AFE1-499B-8A12-37FFFD59DFD7} = {CF0157DD-6FEA-4C0E-93A0-E59EFFC92B0F}
		{CA263D4F-B4DF-4C7E-B79F-6741E1AF306B} = {815FE63F-1327-4593-87EC-D9A88B46146C}
	EndGlobalSection
	GlobalSection(ExtensibilityGlobals) = postSolution
		SolutionGuid = {A0EF2806-3D65-4A75-834E-E6E3D9B834FB}
	EndGlobalSection
	GlobalSection(SharedMSBuildProjectFiles) = preSolution
		UnoUWP\UnoUWP.Shared\UnoUWP.Shared.projitems*{27ff17f3-89db-4793-bcaf-dff775cf0fc3}*SharedItemsImports = 4
		UnoUWP\UnoUWP.Shared\UnoUWP.Shared.projitems*{3cc239d7-6751-4c41-9827-6b7ae062192d}*SharedItemsImports = 5
		UnoUWP\UnoUWP.Shared\UnoUWP.Shared.projitems*{43da40ac-0b4e-4e3f-8b27-0027dcd26658}*SharedItemsImports = 4
		UnoUWP\UnoUWP.Shared\UnoUWP.Shared.projitems*{6279c845-92f8-4333-ab99-3d213163593c}*SharedItemsImports = 13
		UnoUWP\UnoUWP.Shared\UnoUWP.Shared.projitems*{a1bbd4d5-afe1-499b-8a12-37fffd59dfd7}*SharedItemsImports = 5
		UnoUWP\UnoUWP.Shared\UnoUWP.Shared.projitems*{bd41e36c-2336-459d-9bd2-18befa68573e}*SharedItemsImports = 5
		UnoUWP\UnoUWP.Shared\UnoUWP.Shared.projitems*{cdadb8e4-cff2-4c09-b5e0-c6e031dd3037}*SharedItemsImports = 4
		UnoUWP\UnoUWP.Shared\UnoUWP.Shared.projitems*{db5ce65c-82b5-4975-9574-fa773d80efed}*SharedItemsImports = 5
		UnoUWP\UnoUWP.Shared\UnoUWP.Shared.projitems*{e3416582-3974-4c3c-814b-56b4dbb83670}*SharedItemsImports = 4
	EndGlobalSection
EndGlobal
